// !$*UTF8*$!
{
	archiveVersion = 1;
	classes = {
	};
	objectVersion = 46;
	objects = {

/* Begin PBXContainerItemProxy section */
		ACF1FA131AE1912F006309D4 /* PBXContainerItemProxy */ = {
			isa = PBXContainerItemProxy;
			containerPortal = ACF1F9FA1AE1912E006309D4 /* Project object */;
			proxyType = 1;
			remoteGlobalIDString = ACF1FA011AE1912E006309D4;
			remoteInfo = MarginMail;
		};
/* End PBXContainerItemProxy section */

/* Begin PBXCopyFilesBuildPhase section */
		ACF1FABD1AE1930A006309D4 /* CopyFiles */ = {
			isa = PBXCopyFilesBuildPhase;
			buildActionMask = 2147483647;
			dstPath = "";
			dstSubfolderSpec = 10;
			files = (
			);
			runOnlyForDeploymentPostprocessing = 0;
		};
/* End PBXCopyFilesBuildPhase section */

/* Begin PBXFileReference section */
		7B8282771AE1B2D500F09222 /* MarginMail */ = {isa = PBXFileReference; lastKnownFileType = folder; path = MarginMail; sourceTree = "<group>"; };
		7B8282781AE1B2D500F09222 /* MarginMailTests */ = {isa = PBXFileReference; lastKnownFileType = folder; path = MarginMailTests; sourceTree = "<group>"; };
		7B8282791AE1B2D500F09222 /* Vendor */ = {isa = PBXFileReference; lastKnownFileType = folder; path = Vendor; sourceTree = "<group>"; };
		ACF1FA021AE1912E006309D4 /* MarginMail.app */ = {isa = PBXFileReference; explicitFileType = wrapper.application; includeInIndex = 0; path = MarginMail.app; sourceTree = BUILT_PRODUCTS_DIR; };
		ACF1FA061AE1912E006309D4 /* Info.plist */ = {isa = PBXFileReference; lastKnownFileType = text.plist.xml; path = Info.plist; sourceTree = "<group>"; };
		ACF1FA121AE1912F006309D4 /* MarginMailTests.xctest */ = {isa = PBXFileReference; explicitFileType = wrapper.cfbundle; includeInIndex = 0; path = MarginMailTests.xctest; sourceTree = BUILT_PRODUCTS_DIR; };
		ACF1FAC61AE1935F006309D4 /* Bridge.h */ = {isa = PBXFileReference; lastKnownFileType = sourcecode.c.h; path = Bridge.h; sourceTree = "<group>"; };
/* End PBXFileReference section */

/* Begin PBXFrameworksBuildPhase section */
		ACF1F9FF1AE1912E006309D4 /* Frameworks */ = {
			isa = PBXFrameworksBuildPhase;
			buildActionMask = 2147483647;
			files = (
			);
			runOnlyForDeploymentPostprocessing = 0;
		};
		ACF1FA0F1AE1912F006309D4 /* Frameworks */ = {
			isa = PBXFrameworksBuildPhase;
			buildActionMask = 2147483647;
			files = (
			);
			runOnlyForDeploymentPostprocessing = 0;
		};
/* End PBXFrameworksBuildPhase section */

/* Begin PBXGroup section */
		ACF1F9F91AE1912E006309D4 = {
			isa = PBXGroup;
			children = (
				7B8282771AE1B2D500F09222 /* MarginMail */,
				7B8282781AE1B2D500F09222 /* MarginMailTests */,
				7B8282791AE1B2D500F09222 /* Vendor */,
				ACF1FA031AE1912E006309D4 /* Products */,
				ACF1FA051AE1912E006309D4 /* Supporting Files */,
			);
			sourceTree = "<group>";
		};
		ACF1FA031AE1912E006309D4 /* Products */ = {
			isa = PBXGroup;
			children = (
				ACF1FA021AE1912E006309D4 /* MarginMail.app */,
				ACF1FA121AE1912F006309D4 /* MarginMailTests.xctest */,
			);
			name = Products;
			sourceTree = "<group>";
		};
		ACF1FA051AE1912E006309D4 /* Supporting Files */ = {
			isa = PBXGroup;
			children = (
				ACF1FA061AE1912E006309D4 /* Info.plist */,
				ACF1FAC61AE1935F006309D4 /* Bridge.h */,
			);
			name = "Supporting Files";
			path = MarginMail;
			sourceTree = "<group>";
		};
/* End PBXGroup section */

/* Begin PBXNativeTarget section */
		ACF1FA011AE1912E006309D4 /* MarginMail */ = {
			isa = PBXNativeTarget;
			buildConfigurationList = ACF1FA1C1AE1912F006309D4 /* Build configuration list for PBXNativeTarget "MarginMail" */;
			buildPhases = (
				ACF1F9FE1AE1912E006309D4 /* Sources */,
				ACF1F9FF1AE1912E006309D4 /* Frameworks */,
				ACF1FA001AE1912E006309D4 /* Resources */,
				ACF1FABD1AE1930A006309D4 /* CopyFiles */,
			);
			buildRules = (
			);
			dependencies = (
			);
			name = MarginMail;
			productName = MarginMail;
			productReference = ACF1FA021AE1912E006309D4 /* MarginMail.app */;
			productType = "com.apple.product-type.application";
		};
		ACF1FA111AE1912F006309D4 /* MarginMailTests */ = {
			isa = PBXNativeTarget;
			buildConfigurationList = ACF1FA1F1AE1912F006309D4 /* Build configuration list for PBXNativeTarget "MarginMailTests" */;
			buildPhases = (
				ACF1FA0E1AE1912F006309D4 /* Sources */,
				ACF1FA0F1AE1912F006309D4 /* Frameworks */,
				ACF1FA101AE1912F006309D4 /* Resources */,
			);
			buildRules = (
			);
			dependencies = (
				ACF1FA141AE1912F006309D4 /* PBXTargetDependency */,
			);
			name = MarginMailTests;
			productName = MarginMailTests;
			productReference = ACF1FA121AE1912F006309D4 /* MarginMailTests.xctest */;
			productType = "com.apple.product-type.bundle.unit-test";
		};
/* End PBXNativeTarget section */

/* Begin PBXProject section */
		ACF1F9FA1AE1912E006309D4 /* Project object */ = {
			isa = PBXProject;
			attributes = {
				LastUpgradeCheck = 0630;
				ORGANIZATIONNAME = "Margin Labs";
				TargetAttributes = {
					ACF1FA011AE1912E006309D4 = {
						CreatedOnToolsVersion = 6.3;
					};
					ACF1FA111AE1912F006309D4 = {
						CreatedOnToolsVersion = 6.3;
						TestTargetID = ACF1FA011AE1912E006309D4;
					};
				};
			};
			buildConfigurationList = ACF1F9FD1AE1912E006309D4 /* Build configuration list for PBXProject "MarginMail" */;
			compatibilityVersion = "Xcode 3.2";
			developmentRegion = English;
			hasScannedForEncodings = 0;
			knownRegions = (
				en,
				Base,
			);
			mainGroup = ACF1F9F91AE1912E006309D4;
			productRefGroup = ACF1FA031AE1912E006309D4 /* Products */;
			projectDirPath = "";
			projectRoot = "";
			targets = (
				ACF1FA011AE1912E006309D4 /* MarginMail */,
				ACF1FA111AE1912F006309D4 /* MarginMailTests */,
			);
		};
/* End PBXProject section */

/* Begin PBXResourcesBuildPhase section */
		ACF1FA001AE1912E006309D4 /* Resources */ = {
			isa = PBXResourcesBuildPhase;
			buildActionMask = 2147483647;
			files = (
			);
			runOnlyForDeploymentPostprocessing = 0;
		};
		ACF1FA101AE1912F006309D4 /* Resources */ = {
			isa = PBXResourcesBuildPhase;
			buildActionMask = 2147483647;
			files = (
			);
			runOnlyForDeploymentPostprocessing = 0;
		};
/* End PBXResourcesBuildPhase section */

/* Begin PBXSourcesBuildPhase section */
		ACF1F9FE1AE1912E006309D4 /* Sources */ = {
			isa = PBXSourcesBuildPhase;
			buildActionMask = 2147483647;
			files = (
			);
			runOnlyForDeploymentPostprocessing = 0;
		};
		ACF1FA0E1AE1912F006309D4 /* Sources */ = {
			isa = PBXSourcesBuildPhase;
			buildActionMask = 2147483647;
			files = (
			);
			runOnlyForDeploymentPostprocessing = 0;
		};
/* End PBXSourcesBuildPhase section */

/* Begin PBXTargetDependency section */
		ACF1FA141AE1912F006309D4 /* PBXTargetDependency */ = {
			isa = PBXTargetDependency;
			target = ACF1FA011AE1912E006309D4 /* MarginMail */;
			targetProxy = ACF1FA131AE1912F006309D4 /* PBXContainerItemProxy */;
		};
/* End PBXTargetDependency section */

/* Begin XCBuildConfiguration section */
		ACF1FA1A1AE1912F006309D4 /* Debug */ = {
			isa = XCBuildConfiguration;
			buildSettings = {
				ALWAYS_SEARCH_USER_PATHS = NO;
				CLANG_CXX_LANGUAGE_STANDARD = "gnu++0x";
				CLANG_CXX_LIBRARY = "libc++";
				CLANG_ENABLE_MODULES = YES;
				CLANG_ENABLE_OBJC_ARC = YES;
				CLANG_WARN_BOOL_CONVERSION = YES;
				CLANG_WARN_CONSTANT_CONVERSION = YES;
				CLANG_WARN_DIRECT_OBJC_ISA_USAGE = YES_ERROR;
				CLANG_WARN_EMPTY_BODY = YES;
				CLANG_WARN_ENUM_CONVERSION = YES;
				CLANG_WARN_INT_CONVERSION = YES;
				CLANG_WARN_OBJC_ROOT_CLASS = YES_ERROR;
				CLANG_WARN_UNREACHABLE_CODE = YES;
				CLANG_WARN__DUPLICATE_METHOD_MATCH = YES;
				CODE_SIGN_IDENTITY = "-";
				COPY_PHASE_STRIP = NO;
				DEBUG_INFORMATION_FORMAT = dwarf;
				ENABLE_STRICT_OBJC_MSGSEND = YES;
				GCC_C_LANGUAGE_STANDARD = gnu99;
				GCC_DYNAMIC_NO_PIC = NO;
				GCC_NO_COMMON_BLOCKS = YES;
				GCC_OPTIMIZATION_LEVEL = 0;
				GCC_PREPROCESSOR_DEFINITIONS = (
					"DEBUG=1",
					"$(inherited)",
				);
				GCC_SYMBOLS_PRIVATE_EXTERN = NO;
				GCC_WARN_64_TO_32_BIT_CONVERSION = YES;
				GCC_WARN_ABOUT_RETURN_TYPE = YES_ERROR;
				GCC_WARN_UNDECLARED_SELECTOR = YES;
				GCC_WARN_UNINITIALIZED_AUTOS = YES_AGGRESSIVE;
				GCC_WARN_UNUSED_FUNCTION = YES;
				GCC_WARN_UNUSED_VARIABLE = YES;
				MACOSX_DEPLOYMENT_TARGET = 10.10;
				MTL_ENABLE_DEBUG_INFO = YES;
				ONLY_ACTIVE_ARCH = YES;
				SDKROOT = macosx;
				SWIFT_OPTIMIZATION_LEVEL = "-Onone";
			};
			name = Debug;
		};
		ACF1FA1B1AE1912F006309D4 /* Release */ = {
			isa = XCBuildConfiguration;
			buildSettings = {
				ALWAYS_SEARCH_USER_PATHS = NO;
				CLANG_CXX_LANGUAGE_STANDARD = "gnu++0x";
				CLANG_CXX_LIBRARY = "libc++";
				CLANG_ENABLE_MODULES = YES;
				CLANG_ENABLE_OBJC_ARC = YES;
				CLANG_WARN_BOOL_CONVERSION = YES;
				CLANG_WARN_CONSTANT_CONVERSION = YES;
				CLANG_WARN_DIRECT_OBJC_ISA_USAGE = YES_ERROR;
				CLANG_WARN_EMPTY_BODY = YES;
				CLANG_WARN_ENUM_CONVERSION = YES;
				CLANG_WARN_INT_CONVERSION = YES;
				CLANG_WARN_OBJC_ROOT_CLASS = YES_ERROR;
				CLANG_WARN_UNREACHABLE_CODE = YES;
				CLANG_WARN__DUPLICATE_METHOD_MATCH = YES;
				CODE_SIGN_IDENTITY = "-";
				COPY_PHASE_STRIP = NO;
				DEBUG_INFORMATION_FORMAT = "dwarf-with-dsym";
				ENABLE_NS_ASSERTIONS = NO;
				ENABLE_STRICT_OBJC_MSGSEND = YES;
				GCC_C_LANGUAGE_STANDARD = gnu99;
				GCC_NO_COMMON_BLOCKS = YES;
				GCC_WARN_64_TO_32_BIT_CONVERSION = YES;
				GCC_WARN_ABOUT_RETURN_TYPE = YES_ERROR;
				GCC_WARN_UNDECLARED_SELECTOR = YES;
				GCC_WARN_UNINITIALIZED_AUTOS = YES_AGGRESSIVE;
				GCC_WARN_UNUSED_FUNCTION = YES;
				GCC_WARN_UNUSED_VARIABLE = YES;
				MACOSX_DEPLOYMENT_TARGET = 10.10;
				MTL_ENABLE_DEBUG_INFO = NO;
				SDKROOT = macosx;
			};
			name = Release;
		};
		ACF1FA1D1AE1912F006309D4 /* Debug */ = {
			isa = XCBuildConfiguration;
			buildSettings = {
				ALWAYS_SEARCH_USER_PATHS = YES;
				ASSETCATALOG_COMPILER_APPICON_NAME = AppIcon;
				COMBINE_HIDPI_IMAGES = YES;
				INFOPLIST_FILE = MarginMail/Info.plist;
				LD_RUNPATH_SEARCH_PATHS = "$(inherited) @executable_path/../Frameworks";
				PRODUCT_NAME = "$(TARGET_NAME)";
				SWIFT_OBJC_BRIDGING_HEADER = MarginMail/Bridge.h;
				USER_HEADER_SEARCH_PATHS = "Vendor/pop/**";
			};
			name = Debug;
		};
		ACF1FA1E1AE1912F006309D4 /* Release */ = {
			isa = XCBuildConfiguration;
			buildSettings = {
				ALWAYS_SEARCH_USER_PATHS = YES;
				ASSETCATALOG_COMPILER_APPICON_NAME = AppIcon;
				COMBINE_HIDPI_IMAGES = YES;
				INFOPLIST_FILE = MarginMail/Info.plist;
				LD_RUNPATH_SEARCH_PATHS = "$(inherited) @executable_path/../Frameworks";
				PRODUCT_NAME = "$(TARGET_NAME)";
				SWIFT_OBJC_BRIDGING_HEADER = MarginMail/Bridge.h;
				USER_HEADER_SEARCH_PATHS = "Vendor/pop/**";
			};
			name = Release;
		};
		ACF1FA201AE1912F006309D4 /* Debug */ = {
			isa = XCBuildConfiguration;
			buildSettings = {
				BUNDLE_LOADER = "$(TEST_HOST)";
				COMBINE_HIDPI_IMAGES = YES;
				FRAMEWORK_SEARCH_PATHS = (
					"$(DEVELOPER_FRAMEWORKS_DIR)",
					"$(inherited)",
				);
				GCC_PREPROCESSOR_DEFINITIONS = (
					"DEBUG=1",
					"$(inherited)",
				);
				INFOPLIST_FILE = MarginMailTests/Info.plist;
				LD_RUNPATH_SEARCH_PATHS = "$(inherited) @executable_path/../Frameworks @loader_path/../Frameworks";
				PRODUCT_NAME = "$(TARGET_NAME)";
				TEST_HOST = "$(BUILT_PRODUCTS_DIR)/MarginMail.app/Contents/MacOS/MarginMail";
			};
			name = Debug;
		};
		ACF1FA211AE1912F006309D4 /* Release */ = {
			isa = XCBuildConfiguration;
			buildSettings = {
				BUNDLE_LOADER = "$(TEST_HOST)";
				COMBINE_HIDPI_IMAGES = YES;
				FRAMEWORK_SEARCH_PATHS = (
					"$(DEVELOPER_FRAMEWORKS_DIR)",
					"$(inherited)",
				);
				INFOPLIST_FILE = MarginMailTests/Info.plist;
				LD_RUNPATH_SEARCH_PATHS = "$(inherited) @executable_path/../Frameworks @loader_path/../Frameworks";
				PRODUCT_NAME = "$(TARGET_NAME)";
				TEST_HOST = "$(BUILT_PRODUCTS_DIR)/MarginMail.app/Contents/MacOS/MarginMail";
			};
			name = Release;
		};
/* End XCBuildConfiguration section */

/* Begin XCConfigurationList section */
		ACF1F9FD1AE1912E006309D4 /* Build configuration list for PBXProject "MarginMail" */ = {
			isa = XCConfigurationList;
			buildConfigurations = (
				ACF1FA1A1AE1912F006309D4 /* Debug */,
				ACF1FA1B1AE1912F006309D4 /* Release */,
			);
			defaultConfigurationIsVisible = 0;
			defaultConfigurationName = Release;
		};
		ACF1FA1C1AE1912F006309D4 /* Build configuration list for PBXNativeTarget "MarginMail" */ = {
			isa = XCConfigurationList;
			buildConfigurations = (
				ACF1FA1D1AE1912F006309D4 /* Debug */,
				ACF1FA1E1AE1912F006309D4 /* Release */,
			);
			defaultConfigurationIsVisible = 0;
			defaultConfigurationName = Release;
		};
		ACF1FA1F1AE1912F006309D4 /* Build configuration list for PBXNativeTarget "MarginMailTests" */ = {
			isa = XCConfigurationList;
			buildConfigurations = (
				ACF1FA201AE1912F006309D4 /* Debug */,
				ACF1FA211AE1912F006309D4 /* Release */,
			);
			defaultConfigurationIsVisible = 0;
			defaultConfigurationName = Release;
		};
/* End XCConfigurationList section */
	};
	rootObject = ACF1F9FA1AE1912E006309D4 /* Project object */;
}
