// !$*UTF8*$!
{
	archiveVersion = 1;
	classes = {
	};
	objectVersion = 46;
	objects = {

/* Begin PBXBuildFile section */
		7BC4F1621AE1E201007DD2E1 /* Fonts in Resources */ = {isa = PBXBuildFile; fileRef = 7BC4F15E1AE1E201007DD2E1 /* Fonts */; };
		7BC4F1631AE1E201007DD2E1 /* Images.xcassets in Resources */ = {isa = PBXBuildFile; fileRef = 7BC4F15F1AE1E201007DD2E1 /* Images.xcassets */; };
		7BC4F1641AE1E201007DD2E1 /* MailIcon.icns in Resources */ = {isa = PBXBuildFile; fileRef = 7BC4F1601AE1E201007DD2E1 /* MailIcon.icns */; };
		7BC4F1651AE1E201007DD2E1 /* MainMenu.xib in Resources */ = {isa = PBXBuildFile; fileRef = 7BC4F1611AE1E201007DD2E1 /* MainMenu.xib */; };
		7BE16ED11AE4A9D9002DCD22 /* Content.swift in Sources */ = {isa = PBXBuildFile; fileRef = 7BE16ED01AE4A9D9002DCD22 /* Content.swift */; };
		ACC194091AE486FF003071DA /* AppDispatcher.swift in Sources */ = {isa = PBXBuildFile; fileRef = ACC194081AE486FF003071DA /* AppDispatcher.swift */; };
		ACC1940B1AE48A57003071DA /* Lock.swift in Sources */ = {isa = PBXBuildFile; fileRef = ACC1940A1AE48A57003071DA /* Lock.swift */; };
		ACCCD2961AE221B00043ED41 /* Main.swift in Sources */ = {isa = PBXBuildFile; fileRef = ACCCD2951AE221B00043ED41 /* Main.swift */; };
		ACCCD2981AE221BC0043ED41 /* MessageList.swift in Sources */ = {isa = PBXBuildFile; fileRef = ACCCD2971AE221BC0043ED41 /* MessageList.swift */; };
		ACCCD29A1AE221C50043ED41 /* Sidebar.swift in Sources */ = {isa = PBXBuildFile; fileRef = ACCCD2991AE221C50043ED41 /* Sidebar.swift */; };
		ACCCD29C1AE221CB0043ED41 /* SidebarItem.swift in Sources */ = {isa = PBXBuildFile; fileRef = ACCCD29B1AE221CB0043ED41 /* SidebarItem.swift */; };
		ACCCD29E1AE221D90043ED41 /* Button.swift in Sources */ = {isa = PBXBuildFile; fileRef = ACCCD29D1AE221D90043ED41 /* Button.swift */; };
		ACCCD2A01AE221DC0043ED41 /* ButtonCell.swift in Sources */ = {isa = PBXBuildFile; fileRef = ACCCD29F1AE221DC0043ED41 /* ButtonCell.swift */; };
		ACCCD2A21AE221E20043ED41 /* ImageView.swift in Sources */ = {isa = PBXBuildFile; fileRef = ACCCD2A11AE221E20043ED41 /* ImageView.swift */; };
		ACCCD2A41AE221E90043ED41 /* Label.swift in Sources */ = {isa = PBXBuildFile; fileRef = ACCCD2A31AE221E90043ED41 /* Label.swift */; };
		ACCCD2A61AE221F00043ED41 /* SplitView.swift in Sources */ = {isa = PBXBuildFile; fileRef = ACCCD2A51AE221F00043ED41 /* SplitView.swift */; };
		ACCCD2A81AE221F70043ED41 /* TextField.swift in Sources */ = {isa = PBXBuildFile; fileRef = ACCCD2A71AE221F70043ED41 /* TextField.swift */; };
		ACCCD2AA1AE221FE0043ED41 /* View.swift in Sources */ = {isa = PBXBuildFile; fileRef = ACCCD2A91AE221FE0043ED41 /* View.swift */; };
		ACCCD2AC1AE222030043ED41 /* Window.swift in Sources */ = {isa = PBXBuildFile; fileRef = ACCCD2AB1AE222030043ED41 /* Window.swift */; };
		ACCCD2AF1AE222100043ED41 /* Color.swift in Sources */ = {isa = PBXBuildFile; fileRef = ACCCD2AD1AE222100043ED41 /* Color.swift */; };
		ACCCD2B01AE222100043ED41 /* Geometry.swift in Sources */ = {isa = PBXBuildFile; fileRef = ACCCD2AE1AE222100043ED41 /* Geometry.swift */; };
		ACCCD2B21AE2221A0043ED41 /* Array.swift in Sources */ = {isa = PBXBuildFile; fileRef = ACCCD2B11AE2221A0043ED41 /* Array.swift */; };
		ACCCD2B41AE2221F0043ED41 /* CGRect.swift in Sources */ = {isa = PBXBuildFile; fileRef = ACCCD2B31AE2221F0043ED41 /* CGRect.swift */; };
		ACCCD2B61AE222280043ED41 /* NSImage.swift in Sources */ = {isa = PBXBuildFile; fileRef = ACCCD2B51AE222280043ED41 /* NSImage.swift */; };
		ACCCD2B81AE2222D0043ED41 /* NSColor.swift in Sources */ = {isa = PBXBuildFile; fileRef = ACCCD2B71AE2222D0043ED41 /* NSColor.swift */; };
		ACCCD2BB1AE222460043ED41 /* Mailbox.swift in Sources */ = {isa = PBXBuildFile; fileRef = ACCCD2B91AE222460043ED41 /* Mailbox.swift */; };
		ACCCD2BC1AE222460043ED41 /* Transport.swift in Sources */ = {isa = PBXBuildFile; fileRef = ACCCD2BA1AE222460043ED41 /* Transport.swift */; };
		ACCCD2C11AE2225C0043ED41 /* MailAddress.swift in Sources */ = {isa = PBXBuildFile; fileRef = ACCCD2BD1AE2225C0043ED41 /* MailAddress.swift */; };
		ACCCD2C21AE2225C0043ED41 /* MailClient.swift in Sources */ = {isa = PBXBuildFile; fileRef = ACCCD2BE1AE2225C0043ED41 /* MailClient.swift */; };
		ACCCD2C31AE2225C0043ED41 /* MailReader.swift in Sources */ = {isa = PBXBuildFile; fileRef = ACCCD2BF1AE2225C0043ED41 /* MailReader.swift */; };
		ACCCD2C41AE2225C0043ED41 /* MailWriter.swift in Sources */ = {isa = PBXBuildFile; fileRef = ACCCD2C01AE2225C0043ED41 /* MailWriter.swift */; };
		ACCCD2C71AE238240043ED41 /* DB.swift in Sources */ = {isa = PBXBuildFile; fileRef = ACCCD2C61AE238240043ED41 /* DB.swift */; };
		ACCCD2C91AE23C000043ED41 /* TransportTable.swift in Sources */ = {isa = PBXBuildFile; fileRef = ACCCD2C81AE23C000043ED41 /* TransportTable.swift */; };
		ACCCD2CB1AE23F7F0043ED41 /* Table.swift in Sources */ = {isa = PBXBuildFile; fileRef = ACCCD2CA1AE23F7F0043ED41 /* Table.swift */; };
		ACCCD2CD1AE2485E0043ED41 /* MailboxTable.swift in Sources */ = {isa = PBXBuildFile; fileRef = ACCCD2CC1AE2485E0043ED41 /* MailboxTable.swift */; };
		ACCCD2CF1AE24AF40043ED41 /* NSUUID.swift in Sources */ = {isa = PBXBuildFile; fileRef = ACCCD2CE1AE24AF40043ED41 /* NSUUID.swift */; };
		ACCCD2D11AE24B100043ED41 /* NSData.swift in Sources */ = {isa = PBXBuildFile; fileRef = ACCCD2D01AE24B100043ED41 /* NSData.swift */; };
		ACCCD2EC1AE43ABB0043ED41 /* MailboxStore.swift in Sources */ = {isa = PBXBuildFile; fileRef = ACCCD2EB1AE43ABB0043ED41 /* MailboxStore.swift */; };
		ACF1FA191AE1912F006309D4 /* MarginMailTests.swift in Sources */ = {isa = PBXBuildFile; fileRef = ACF1FA181AE1912F006309D4 /* MarginMailTests.swift */; };
		ACF1FA291AE19195006309D4 /* MainWindow.swift in Sources */ = {isa = PBXBuildFile; fileRef = ACF1FA271AE19195006309D4 /* MainWindow.swift */; };
		ACF1FA311AE191AC006309D4 /* AppDelegate.swift in Sources */ = {isa = PBXBuildFile; fileRef = ACF1FA2B1AE191AC006309D4 /* AppDelegate.swift */; };
		ACF1FA331AE191AC006309D4 /* Config.swift in Sources */ = {isa = PBXBuildFile; fileRef = ACF1FA2D1AE191AC006309D4 /* Config.swift */; };
		ACF1FA691AE1924E006309D4 /* Security.framework in Frameworks */ = {isa = PBXBuildFile; fileRef = ACF1FA681AE1924E006309D4 /* Security.framework */; };
		ACF1FABA1AE192E8006309D4 /* MailCore.framework in Frameworks */ = {isa = PBXBuildFile; fileRef = ACF1FA7F1AE192A0006309D4 /* MailCore.framework */; };
		ACF1FABB1AE192EF006309D4 /* pop.framework in Frameworks */ = {isa = PBXBuildFile; fileRef = ACF1FA911AE192B0006309D4 /* pop.framework */; };
		ACF1FABC1AE192F8006309D4 /* SQLite.framework in Frameworks */ = {isa = PBXBuildFile; fileRef = ACF1FAA21AE192BC006309D4 /* SQLite.framework */; };
		ACF1FABE1AE1931A006309D4 /* MailCore.framework in CopyFiles */ = {isa = PBXBuildFile; fileRef = ACF1FA7F1AE192A0006309D4 /* MailCore.framework */; settings = {ATTRIBUTES = (CodeSignOnCopy, RemoveHeadersOnCopy, ); }; };
		ACF1FAC01AE19324006309D4 /* SQLite.framework in CopyFiles */ = {isa = PBXBuildFile; fileRef = ACF1FAA21AE192BC006309D4 /* SQLite.framework */; settings = {ATTRIBUTES = (CodeSignOnCopy, RemoveHeadersOnCopy, ); }; };
/* End PBXBuildFile section */

/* Begin PBXContainerItemProxy section */
		ACF1FA131AE1912F006309D4 /* PBXContainerItemProxy */ = {
			isa = PBXContainerItemProxy;
			containerPortal = ACF1F9FA1AE1912E006309D4 /* Project object */;
			proxyType = 1;
			remoteGlobalIDString = ACF1FA011AE1912E006309D4;
			remoteInfo = MarginMail;
		};
		ACF1FA761AE192A0006309D4 /* PBXContainerItemProxy */ = {
			isa = PBXContainerItemProxy;
			containerPortal = ACF1FA6B1AE192A0006309D4 /* mailcore2.xcodeproj */;
			proxyType = 2;
			remoteGlobalIDString = C64EA537169E772200778456;
			remoteInfo = "static mailcore2 osx";
		};
		ACF1FA781AE192A0006309D4 /* PBXContainerItemProxy */ = {
			isa = PBXContainerItemProxy;
			containerPortal = ACF1FA6B1AE192A0006309D4 /* mailcore2.xcodeproj */;
			proxyType = 2;
			remoteGlobalIDString = C6BA2C191705F4E6003F0E9E;
			remoteInfo = "static mailcore2 ios";
		};
		ACF1FA7A1AE192A0006309D4 /* PBXContainerItemProxy */ = {
			isa = PBXContainerItemProxy;
			containerPortal = ACF1FA6B1AE192A0006309D4 /* mailcore2.xcodeproj */;
			proxyType = 2;
			remoteGlobalIDString = C64EA78C169F259200778456;
			remoteInfo = tests;
		};
		ACF1FA7C1AE192A0006309D4 /* PBXContainerItemProxy */ = {
			isa = PBXContainerItemProxy;
			containerPortal = ACF1FA6B1AE192A0006309D4 /* mailcore2.xcodeproj */;
			proxyType = 2;
			remoteGlobalIDString = C6A81B911706840C00882C15;
			remoteInfo = "test-ios";
		};
		ACF1FA7E1AE192A0006309D4 /* PBXContainerItemProxy */ = {
			isa = PBXContainerItemProxy;
			containerPortal = ACF1FA6B1AE192A0006309D4 /* mailcore2.xcodeproj */;
			proxyType = 2;
			remoteGlobalIDString = C6BD288D170BD71100A91AC1;
			remoteInfo = "mailcore osx";
		};
		ACF1FA801AE192A0006309D4 /* PBXContainerItemProxy */ = {
			isa = PBXContainerItemProxy;
			containerPortal = ACF1FA6B1AE192A0006309D4 /* mailcore2.xcodeproj */;
			proxyType = 2;
			remoteGlobalIDString = 27780C3A19CF9CD100C77E44;
			remoteInfo = "mailcore ios";
		};
		ACF1FA821AE192A0006309D4 /* PBXContainerItemProxy */ = {
			isa = PBXContainerItemProxy;
			containerPortal = ACF1FA6B1AE192A0006309D4 /* mailcore2.xcodeproj */;
			proxyType = 2;
			remoteGlobalIDString = C6B5AE0219F630B3001352A6;
			remoteInfo = unittest;
		};
		ACF1FA841AE192A0006309D4 /* PBXContainerItemProxy */ = {
			isa = PBXContainerItemProxy;
			containerPortal = ACF1FA6B1AE192A0006309D4 /* mailcore2.xcodeproj */;
			proxyType = 2;
			remoteGlobalIDString = C600B6141A242C3F000728F1;
			remoteInfo = unittestcpp;
		};
		ACF1FA8E1AE192B0006309D4 /* PBXContainerItemProxy */ = {
			isa = PBXContainerItemProxy;
			containerPortal = ACF1FA861AE192AF006309D4 /* pop.xcodeproj */;
			proxyType = 2;
			remoteGlobalIDString = EC191218162FB53A00E0CC76;
			remoteInfo = pop;
		};
		ACF1FA901AE192B0006309D4 /* PBXContainerItemProxy */ = {
			isa = PBXContainerItemProxy;
			containerPortal = ACF1FA861AE192AF006309D4 /* pop.xcodeproj */;
			proxyType = 2;
			remoteGlobalIDString = EC68857F18C7B60000C6194C;
			remoteInfo = "pop-osx";
		};
		ACF1FA921AE192B0006309D4 /* PBXContainerItemProxy */ = {
			isa = PBXContainerItemProxy;
			containerPortal = ACF1FA861AE192AF006309D4 /* pop.xcodeproj */;
			proxyType = 2;
			remoteGlobalIDString = 0B6BE74819FFD3B900762101;
			remoteInfo = "pop-embedded";
		};
		ACF1FA941AE192B0006309D4 /* PBXContainerItemProxy */ = {
			isa = PBXContainerItemProxy;
			containerPortal = ACF1FA861AE192AF006309D4 /* pop.xcodeproj */;
			proxyType = 2;
			remoteGlobalIDString = ECF01ED318C92B7F009E0AD1;
			remoteInfo = "pop-tests";
		};
		ACF1FA961AE192B0006309D4 /* PBXContainerItemProxy */ = {
			isa = PBXContainerItemProxy;
			containerPortal = ACF1FA861AE192AF006309D4 /* pop.xcodeproj */;
			proxyType = 2;
			remoteGlobalIDString = EC7E319918C93D6500B38170;
			remoteInfo = "pop-tests-osx";
		};
		ACF1FAA11AE192BC006309D4 /* PBXContainerItemProxy */ = {
			isa = PBXContainerItemProxy;
			containerPortal = ACF1FA981AE192BC006309D4 /* SQLite.xcodeproj */;
			proxyType = 2;
			remoteGlobalIDString = DC3773F319C8CBB3004FCF85;
			remoteInfo = SQLite;
		};
		ACF1FAA31AE192BC006309D4 /* PBXContainerItemProxy */ = {
			isa = PBXContainerItemProxy;
			containerPortal = ACF1FA981AE192BC006309D4 /* SQLite.xcodeproj */;
			proxyType = 2;
			remoteGlobalIDString = DC3773FE19C8CBB3004FCF85;
			remoteInfo = "SQLite Tests";
		};
		ACF1FAA51AE192BC006309D4 /* PBXContainerItemProxy */ = {
			isa = PBXContainerItemProxy;
			containerPortal = ACF1FA981AE192BC006309D4 /* SQLite.xcodeproj */;
			proxyType = 2;
			remoteGlobalIDString = DCC6B3801A9191C300734B78;
			remoteInfo = SQLiteCipher;
		};
		ACF1FAA71AE192BC006309D4 /* PBXContainerItemProxy */ = {
			isa = PBXContainerItemProxy;
			containerPortal = ACF1FA981AE192BC006309D4 /* SQLite.xcodeproj */;
			proxyType = 2;
			remoteGlobalIDString = DCC6B3921A9191D100734B78;
			remoteInfo = "SQLiteCipher Tests";
		};
		ACF1FAA91AE192BC006309D4 /* PBXContainerItemProxy */ = {
			isa = PBXContainerItemProxy;
			containerPortal = ACF1FA981AE192BC006309D4 /* SQLite.xcodeproj */;
			proxyType = 2;
			remoteGlobalIDString = DCAE4D151ABE0B3300EFCE7A;
			remoteInfo = sqlite3;
		};
		ACF1FAB21AE192C4006309D4 /* PBXContainerItemProxy */ = {
			isa = PBXContainerItemProxy;
			containerPortal = ACF1FAAB1AE192C4006309D4 /* SwiftyJSON.xcodeproj */;
			proxyType = 2;
			remoteGlobalIDString = 2E4FEFDB19575BE100351305;
			remoteInfo = "SwiftyJSON iOS";
		};
		ACF1FAB41AE192C4006309D4 /* PBXContainerItemProxy */ = {
			isa = PBXContainerItemProxy;
			containerPortal = ACF1FAAB1AE192C4006309D4 /* SwiftyJSON.xcodeproj */;
			proxyType = 2;
			remoteGlobalIDString = 2E4FEFE619575BE100351305;
			remoteInfo = "SwiftyJSON iOS Tests";
		};
		ACF1FAB61AE192C4006309D4 /* PBXContainerItemProxy */ = {
			isa = PBXContainerItemProxy;
			containerPortal = ACF1FAAB1AE192C4006309D4 /* SwiftyJSON.xcodeproj */;
			proxyType = 2;
			remoteGlobalIDString = 9C7DFC5B1A9102BD005AA3F7;
			remoteInfo = "SwiftyJSON OSX";
		};
		ACF1FAB81AE192C4006309D4 /* PBXContainerItemProxy */ = {
			isa = PBXContainerItemProxy;
			containerPortal = ACF1FAAB1AE192C4006309D4 /* SwiftyJSON.xcodeproj */;
			proxyType = 2;
			remoteGlobalIDString = 9C7DFC651A9102BD005AA3F7;
			remoteInfo = "SwiftyJSON OSX Tests";
		};
		ACF1FAC21AE19334006309D4 /* PBXContainerItemProxy */ = {
			isa = PBXContainerItemProxy;
			containerPortal = ACF1FA6B1AE192A0006309D4 /* mailcore2.xcodeproj */;
			proxyType = 1;
			remoteGlobalIDString = C6BD288C170BD71100A91AC1;
			remoteInfo = "mailcore osx";
		};
		ACF1FAC41AE1933B006309D4 /* PBXContainerItemProxy */ = {
			isa = PBXContainerItemProxy;
			containerPortal = ACF1FA981AE192BC006309D4 /* SQLite.xcodeproj */;
			proxyType = 1;
			remoteGlobalIDString = DC3773F219C8CBB3004FCF85;
			remoteInfo = SQLite;
		};
/* End PBXContainerItemProxy section */

/* Begin PBXCopyFilesBuildPhase section */
		ACF1FABD1AE1930A006309D4 /* CopyFiles */ = {
			isa = PBXCopyFilesBuildPhase;
			buildActionMask = 2147483647;
			dstPath = "";
			dstSubfolderSpec = 10;
			files = (
				ACF1FAC01AE19324006309D4 /* SQLite.framework in CopyFiles */,
				ACF1FABE1AE1931A006309D4 /* MailCore.framework in CopyFiles */,
			);
			runOnlyForDeploymentPostprocessing = 0;
		};
/* End PBXCopyFilesBuildPhase section */

/* Begin PBXFileReference section */
		7BC4F15E1AE1E201007DD2E1 /* Fonts */ = {isa = PBXFileReference; lastKnownFileType = folder; path = Fonts; sourceTree = "<group>"; };
		7BC4F15F1AE1E201007DD2E1 /* Images.xcassets */ = {isa = PBXFileReference; lastKnownFileType = folder.assetcatalog; path = Images.xcassets; sourceTree = "<group>"; };
		7BC4F1601AE1E201007DD2E1 /* MailIcon.icns */ = {isa = PBXFileReference; lastKnownFileType = image.icns; path = MailIcon.icns; sourceTree = "<group>"; };
		7BC4F1611AE1E201007DD2E1 /* MainMenu.xib */ = {isa = PBXFileReference; fileEncoding = 4; lastKnownFileType = file.xib; path = MainMenu.xib; sourceTree = "<group>"; };
		7BE16ED01AE4A9D9002DCD22 /* Content.swift */ = {isa = PBXFileReference; fileEncoding = 4; lastKnownFileType = sourcecode.swift; path = Content.swift; sourceTree = "<group>"; };
		ACC194081AE486FF003071DA /* AppDispatcher.swift */ = {isa = PBXFileReference; fileEncoding = 4; lastKnownFileType = sourcecode.swift; path = AppDispatcher.swift; sourceTree = "<group>"; };
		ACC1940A1AE48A57003071DA /* Lock.swift */ = {isa = PBXFileReference; fileEncoding = 4; lastKnownFileType = sourcecode.swift; name = Lock.swift; path = MarginMail/Lock.swift; sourceTree = SOURCE_ROOT; };
		ACCCD2951AE221B00043ED41 /* Main.swift */ = {isa = PBXFileReference; fileEncoding = 4; lastKnownFileType = sourcecode.swift; path = Main.swift; sourceTree = "<group>"; };
		ACCCD2971AE221BC0043ED41 /* MessageList.swift */ = {isa = PBXFileReference; fileEncoding = 4; lastKnownFileType = sourcecode.swift; path = MessageList.swift; sourceTree = "<group>"; };
		ACCCD2991AE221C50043ED41 /* Sidebar.swift */ = {isa = PBXFileReference; fileEncoding = 4; lastKnownFileType = sourcecode.swift; path = Sidebar.swift; sourceTree = "<group>"; };
		ACCCD29B1AE221CB0043ED41 /* SidebarItem.swift */ = {isa = PBXFileReference; fileEncoding = 4; lastKnownFileType = sourcecode.swift; path = SidebarItem.swift; sourceTree = "<group>"; };
		ACCCD29D1AE221D90043ED41 /* Button.swift */ = {isa = PBXFileReference; fileEncoding = 4; lastKnownFileType = sourcecode.swift; name = Button.swift; path = MarginMail/Button.swift; sourceTree = SOURCE_ROOT; };
		ACCCD29F1AE221DC0043ED41 /* ButtonCell.swift */ = {isa = PBXFileReference; fileEncoding = 4; lastKnownFileType = sourcecode.swift; name = ButtonCell.swift; path = MarginMail/ButtonCell.swift; sourceTree = SOURCE_ROOT; };
		ACCCD2A11AE221E20043ED41 /* ImageView.swift */ = {isa = PBXFileReference; fileEncoding = 4; lastKnownFileType = sourcecode.swift; name = ImageView.swift; path = MarginMail/ImageView.swift; sourceTree = SOURCE_ROOT; };
		ACCCD2A31AE221E90043ED41 /* Label.swift */ = {isa = PBXFileReference; fileEncoding = 4; lastKnownFileType = sourcecode.swift; name = Label.swift; path = MarginMail/Label.swift; sourceTree = SOURCE_ROOT; };
		ACCCD2A51AE221F00043ED41 /* SplitView.swift */ = {isa = PBXFileReference; fileEncoding = 4; lastKnownFileType = sourcecode.swift; name = SplitView.swift; path = MarginMail/SplitView.swift; sourceTree = SOURCE_ROOT; };
		ACCCD2A71AE221F70043ED41 /* TextField.swift */ = {isa = PBXFileReference; fileEncoding = 4; lastKnownFileType = sourcecode.swift; name = TextField.swift; path = MarginMail/TextField.swift; sourceTree = SOURCE_ROOT; };
		ACCCD2A91AE221FE0043ED41 /* View.swift */ = {isa = PBXFileReference; fileEncoding = 4; lastKnownFileType = sourcecode.swift; name = View.swift; path = MarginMail/View.swift; sourceTree = SOURCE_ROOT; };
		ACCCD2AB1AE222030043ED41 /* Window.swift */ = {isa = PBXFileReference; fileEncoding = 4; lastKnownFileType = sourcecode.swift; name = Window.swift; path = MarginMail/Window.swift; sourceTree = SOURCE_ROOT; };
		ACCCD2AD1AE222100043ED41 /* Color.swift */ = {isa = PBXFileReference; fileEncoding = 4; lastKnownFileType = sourcecode.swift; name = Color.swift; path = MarginMail/Color.swift; sourceTree = SOURCE_ROOT; };
		ACCCD2AE1AE222100043ED41 /* Geometry.swift */ = {isa = PBXFileReference; fileEncoding = 4; lastKnownFileType = sourcecode.swift; name = Geometry.swift; path = MarginMail/Geometry.swift; sourceTree = SOURCE_ROOT; };
		ACCCD2B11AE2221A0043ED41 /* Array.swift */ = {isa = PBXFileReference; fileEncoding = 4; lastKnownFileType = sourcecode.swift; name = Array.swift; path = MarginMail/Array.swift; sourceTree = SOURCE_ROOT; };
		ACCCD2B31AE2221F0043ED41 /* CGRect.swift */ = {isa = PBXFileReference; fileEncoding = 4; lastKnownFileType = sourcecode.swift; name = CGRect.swift; path = MarginMail/CGRect.swift; sourceTree = SOURCE_ROOT; };
		ACCCD2B51AE222280043ED41 /* NSImage.swift */ = {isa = PBXFileReference; fileEncoding = 4; lastKnownFileType = sourcecode.swift; name = NSImage.swift; path = MarginMail/NSImage.swift; sourceTree = SOURCE_ROOT; };
		ACCCD2B71AE2222D0043ED41 /* NSColor.swift */ = {isa = PBXFileReference; fileEncoding = 4; lastKnownFileType = sourcecode.swift; name = NSColor.swift; path = MarginMail/NSColor.swift; sourceTree = SOURCE_ROOT; };
		ACCCD2B91AE222460043ED41 /* Mailbox.swift */ = {isa = PBXFileReference; fileEncoding = 4; lastKnownFileType = sourcecode.swift; name = Mailbox.swift; path = MarginMail/Mailbox.swift; sourceTree = SOURCE_ROOT; };
		ACCCD2BA1AE222460043ED41 /* Transport.swift */ = {isa = PBXFileReference; fileEncoding = 4; lastKnownFileType = sourcecode.swift; name = Transport.swift; path = MarginMail/Transport.swift; sourceTree = SOURCE_ROOT; };
		ACCCD2BD1AE2225C0043ED41 /* MailAddress.swift */ = {isa = PBXFileReference; fileEncoding = 4; lastKnownFileType = sourcecode.swift; name = MailAddress.swift; path = MarginMail/MailAddress.swift; sourceTree = SOURCE_ROOT; };
		ACCCD2BE1AE2225C0043ED41 /* MailClient.swift */ = {isa = PBXFileReference; fileEncoding = 4; lastKnownFileType = sourcecode.swift; name = MailClient.swift; path = MarginMail/MailClient.swift; sourceTree = SOURCE_ROOT; };
		ACCCD2BF1AE2225C0043ED41 /* MailReader.swift */ = {isa = PBXFileReference; fileEncoding = 4; lastKnownFileType = sourcecode.swift; name = MailReader.swift; path = MarginMail/MailReader.swift; sourceTree = SOURCE_ROOT; };
		ACCCD2C01AE2225C0043ED41 /* MailWriter.swift */ = {isa = PBXFileReference; fileEncoding = 4; lastKnownFileType = sourcecode.swift; name = MailWriter.swift; path = MarginMail/MailWriter.swift; sourceTree = SOURCE_ROOT; };
		ACCCD2C61AE238240043ED41 /* DB.swift */ = {isa = PBXFileReference; fileEncoding = 4; lastKnownFileType = sourcecode.swift; name = DB.swift; path = MarginMail/DB.swift; sourceTree = SOURCE_ROOT; };
		ACCCD2C81AE23C000043ED41 /* TransportTable.swift */ = {isa = PBXFileReference; fileEncoding = 4; lastKnownFileType = sourcecode.swift; name = TransportTable.swift; path = MarginMail/TransportTable.swift; sourceTree = SOURCE_ROOT; };
		ACCCD2CA1AE23F7F0043ED41 /* Table.swift */ = {isa = PBXFileReference; fileEncoding = 4; lastKnownFileType = sourcecode.swift; name = Table.swift; path = MarginMail/Table.swift; sourceTree = SOURCE_ROOT; };
		ACCCD2CC1AE2485E0043ED41 /* MailboxTable.swift */ = {isa = PBXFileReference; fileEncoding = 4; lastKnownFileType = sourcecode.swift; name = MailboxTable.swift; path = MarginMail/MailboxTable.swift; sourceTree = SOURCE_ROOT; };
		ACCCD2CE1AE24AF40043ED41 /* NSUUID.swift */ = {isa = PBXFileReference; fileEncoding = 4; lastKnownFileType = sourcecode.swift; name = NSUUID.swift; path = MarginMail/NSUUID.swift; sourceTree = SOURCE_ROOT; };
		ACCCD2D01AE24B100043ED41 /* NSData.swift */ = {isa = PBXFileReference; fileEncoding = 4; lastKnownFileType = sourcecode.swift; name = NSData.swift; path = MarginMail/NSData.swift; sourceTree = SOURCE_ROOT; };
		ACCCD2EB1AE43ABB0043ED41 /* MailboxStore.swift */ = {isa = PBXFileReference; fileEncoding = 4; lastKnownFileType = sourcecode.swift; name = MailboxStore.swift; path = MarginMail/MailboxStore.swift; sourceTree = SOURCE_ROOT; };
		ACF1FA021AE1912E006309D4 /* MarginMail.app */ = {isa = PBXFileReference; explicitFileType = wrapper.application; includeInIndex = 0; path = MarginMail.app; sourceTree = BUILT_PRODUCTS_DIR; };
		ACF1FA061AE1912E006309D4 /* Info.plist */ = {isa = PBXFileReference; lastKnownFileType = text.plist.xml; path = Info.plist; sourceTree = "<group>"; };
		ACF1FA121AE1912F006309D4 /* MarginMailTests.xctest */ = {isa = PBXFileReference; explicitFileType = wrapper.cfbundle; includeInIndex = 0; path = MarginMailTests.xctest; sourceTree = BUILT_PRODUCTS_DIR; };
		ACF1FA171AE1912F006309D4 /* Info.plist */ = {isa = PBXFileReference; lastKnownFileType = text.plist.xml; path = Info.plist; sourceTree = "<group>"; };
		ACF1FA181AE1912F006309D4 /* MarginMailTests.swift */ = {isa = PBXFileReference; lastKnownFileType = sourcecode.swift; path = MarginMailTests.swift; sourceTree = "<group>"; };
		ACF1FA271AE19195006309D4 /* MainWindow.swift */ = {isa = PBXFileReference; fileEncoding = 4; lastKnownFileType = sourcecode.swift; path = MainWindow.swift; sourceTree = "<group>"; };
		ACF1FA2B1AE191AC006309D4 /* AppDelegate.swift */ = {isa = PBXFileReference; fileEncoding = 4; lastKnownFileType = sourcecode.swift; path = AppDelegate.swift; sourceTree = "<group>"; };
		ACF1FA2D1AE191AC006309D4 /* Config.swift */ = {isa = PBXFileReference; fileEncoding = 4; lastKnownFileType = sourcecode.swift; path = Config.swift; sourceTree = "<group>"; };
		ACF1FA681AE1924E006309D4 /* Security.framework */ = {isa = PBXFileReference; lastKnownFileType = wrapper.framework; name = Security.framework; path = System/Library/Frameworks/Security.framework; sourceTree = SDKROOT; };
		ACF1FA6B1AE192A0006309D4 /* mailcore2.xcodeproj */ = {isa = PBXFileReference; lastKnownFileType = "wrapper.pb-project"; name = mailcore2.xcodeproj; path = "Vendor/mailcore2/build-mac/mailcore2.xcodeproj"; sourceTree = "<group>"; };
		ACF1FA861AE192AF006309D4 /* pop.xcodeproj */ = {isa = PBXFileReference; lastKnownFileType = "wrapper.pb-project"; name = pop.xcodeproj; path = Vendor/pop/pop.xcodeproj; sourceTree = "<group>"; };
		ACF1FA981AE192BC006309D4 /* SQLite.xcodeproj */ = {isa = PBXFileReference; lastKnownFileType = "wrapper.pb-project"; name = SQLite.xcodeproj; path = Vendor/SQLite.swift/SQLite.xcodeproj; sourceTree = "<group>"; };
		ACF1FAAB1AE192C4006309D4 /* SwiftyJSON.xcodeproj */ = {isa = PBXFileReference; lastKnownFileType = "wrapper.pb-project"; name = SwiftyJSON.xcodeproj; path = Vendor/SwiftyJSON/SwiftyJSON.xcodeproj; sourceTree = "<group>"; };
		ACF1FAC61AE1935F006309D4 /* Bridge.h */ = {isa = PBXFileReference; lastKnownFileType = sourcecode.c.h; path = Bridge.h; sourceTree = "<group>"; };
/* End PBXFileReference section */

/* Begin PBXFrameworksBuildPhase section */
		ACF1F9FF1AE1912E006309D4 /* Frameworks */ = {
			isa = PBXFrameworksBuildPhase;
			buildActionMask = 2147483647;
			files = (
				ACF1FABC1AE192F8006309D4 /* SQLite.framework in Frameworks */,
				ACF1FABB1AE192EF006309D4 /* pop.framework in Frameworks */,
				ACF1FABA1AE192E8006309D4 /* MailCore.framework in Frameworks */,
				ACF1FA691AE1924E006309D4 /* Security.framework in Frameworks */,
			);
			runOnlyForDeploymentPostprocessing = 0;
		};
		ACF1FA0F1AE1912F006309D4 /* Frameworks */ = {
			isa = PBXFrameworksBuildPhase;
			buildActionMask = 2147483647;
			files = (
			);
			runOnlyForDeploymentPostprocessing = 0;
		};
/* End PBXFrameworksBuildPhase section */

/* Begin PBXGroup section */
		7BC4F1071AE1D184007DD2E1 /* Helpers */ = {
			isa = PBXGroup;
			children = (
				ACCCD2AD1AE222100043ED41 /* Color.swift */,
				ACCCD2AE1AE222100043ED41 /* Geometry.swift */,
				ACC1940A1AE48A57003071DA /* Lock.swift */,
			);
			path = Helpers;
			sourceTree = "<group>";
		};
		7BC4F15D1AE1E1DC007DD2E1 /* Resources */ = {
			isa = PBXGroup;
			children = (
				7BC4F15E1AE1E201007DD2E1 /* Fonts */,
				7BC4F15F1AE1E201007DD2E1 /* Images.xcassets */,
				7BC4F1601AE1E201007DD2E1 /* MailIcon.icns */,
				7BC4F1611AE1E201007DD2E1 /* MainMenu.xib */,
			);
			name = Resources;
			path = MarginMail/Resources;
			sourceTree = "<group>";
		};
		ACCCD27C1AE21B230043ED41 /* UI */ = {
			isa = PBXGroup;
			children = (
				ACF1FA381AE191C7006309D4 /* Views */,
				7BE16ED01AE4A9D9002DCD22 /* Content.swift */,
				ACCCD2951AE221B00043ED41 /* Main.swift */,
				ACF1FA271AE19195006309D4 /* MainWindow.swift */,
				ACCCD2971AE221BC0043ED41 /* MessageList.swift */,
				ACCCD2991AE221C50043ED41 /* Sidebar.swift */,
				ACCCD29B1AE221CB0043ED41 /* SidebarItem.swift */,
			);
			name = UI;
			sourceTree = "<group>";
		};
		ACCCD2931AE21BB20043ED41 /* Tables */ = {
			isa = PBXGroup;
			children = (
				ACCCD2CA1AE23F7F0043ED41 /* Table.swift */,
				ACCCD2C81AE23C000043ED41 /* TransportTable.swift */,
				ACCCD2CC1AE2485E0043ED41 /* MailboxTable.swift */,
			);
			name = Tables;
			sourceTree = "<group>";
		};
		ACCCD2941AE21BB70043ED41 /* Stores */ = {
			isa = PBXGroup;
			children = (
				ACCCD2EB1AE43ABB0043ED41 /* MailboxStore.swift */,
			);
			name = Stores;
			sourceTree = "<group>";
		};
		ACF1F9F91AE1912E006309D4 = {
			isa = PBXGroup;
			children = (
				ACF1FA041AE1912E006309D4 /* MarginMail */,
				7BC4F15D1AE1E1DC007DD2E1 /* Resources */,
				ACF1FA151AE1912F006309D4 /* MarginMailTests */,
				ACF1FA031AE1912E006309D4 /* Products */,
				ACF1FA051AE1912E006309D4 /* Supporting Files */,
				ACF1FA6A1AE19253006309D4 /* Vendor */,
			);
			sourceTree = "<group>";
		};
		ACF1FA031AE1912E006309D4 /* Products */ = {
			isa = PBXGroup;
			children = (
				ACF1FA021AE1912E006309D4 /* MarginMail.app */,
				ACF1FA121AE1912F006309D4 /* MarginMailTests.xctest */,
			);
			name = Products;
			sourceTree = "<group>";
		};
		ACF1FA041AE1912E006309D4 /* MarginMail */ = {
			isa = PBXGroup;
			children = (
				ACF1FA3A1AE191D1006309D4 /* Data */,
				ACF1FA391AE191CC006309D4 /* Extensions */,
				7BC4F1071AE1D184007DD2E1 /* Helpers */,
				ACF1FA371AE191C1006309D4 /* Mail */,
				ACCCD27C1AE21B230043ED41 /* UI */,
				ACF1FA2B1AE191AC006309D4 /* AppDelegate.swift */,
				ACC194081AE486FF003071DA /* AppDispatcher.swift */,
				ACF1FA2D1AE191AC006309D4 /* Config.swift */,
				ACCCD2C61AE238240043ED41 /* DB.swift */,
			);
			path = MarginMail;
			sourceTree = "<group>";
		};
		ACF1FA051AE1912E006309D4 /* Supporting Files */ = {
			isa = PBXGroup;
			children = (
				ACF1FA061AE1912E006309D4 /* Info.plist */,
				ACF1FAC61AE1935F006309D4 /* Bridge.h */,
			);
			name = "Supporting Files";
			path = MarginMail;
			sourceTree = "<group>";
		};
		ACF1FA151AE1912F006309D4 /* MarginMailTests */ = {
			isa = PBXGroup;
			children = (
				ACF1FA181AE1912F006309D4 /* MarginMailTests.swift */,
				ACF1FA161AE1912F006309D4 /* Supporting Files */,
			);
			path = MarginMailTests;
			sourceTree = "<group>";
		};
		ACF1FA161AE1912F006309D4 /* Supporting Files */ = {
			isa = PBXGroup;
			children = (
				ACF1FA171AE1912F006309D4 /* Info.plist */,
			);
			name = "Supporting Files";
			sourceTree = "<group>";
		};
		ACF1FA371AE191C1006309D4 /* Mail */ = {
			isa = PBXGroup;
			children = (
				ACCCD2BD1AE2225C0043ED41 /* MailAddress.swift */,
				ACCCD2BE1AE2225C0043ED41 /* MailClient.swift */,
				ACCCD2BF1AE2225C0043ED41 /* MailReader.swift */,
				ACCCD2C01AE2225C0043ED41 /* MailWriter.swift */,
			);
			path = Mail;
			sourceTree = "<group>";
		};
		ACF1FA381AE191C7006309D4 /* Views */ = {
			isa = PBXGroup;
			children = (
				ACCCD29D1AE221D90043ED41 /* Button.swift */,
				ACCCD29F1AE221DC0043ED41 /* ButtonCell.swift */,
				ACCCD2A11AE221E20043ED41 /* ImageView.swift */,
				ACCCD2A31AE221E90043ED41 /* Label.swift */,
				ACCCD2A51AE221F00043ED41 /* SplitView.swift */,
				ACCCD2A71AE221F70043ED41 /* TextField.swift */,
				ACCCD2A91AE221FE0043ED41 /* View.swift */,
				ACCCD2AB1AE222030043ED41 /* Window.swift */,
			);
			path = Views;
			sourceTree = "<group>";
		};
		ACF1FA391AE191CC006309D4 /* Extensions */ = {
			isa = PBXGroup;
			children = (
				ACCCD2B11AE2221A0043ED41 /* Array.swift */,
				ACCCD2B51AE222280043ED41 /* NSImage.swift */,
				ACCCD2B71AE2222D0043ED41 /* NSColor.swift */,
				ACCCD2B31AE2221F0043ED41 /* CGRect.swift */,
				ACCCD2CE1AE24AF40043ED41 /* NSUUID.swift */,
				ACCCD2D01AE24B100043ED41 /* NSData.swift */,
			);
			path = Extensions;
			sourceTree = "<group>";
		};
		ACF1FA3A1AE191D1006309D4 /* Data */ = {
			isa = PBXGroup;
			children = (
				ACCCD2941AE21BB70043ED41 /* Stores */,
				ACCCD2931AE21BB20043ED41 /* Tables */,
				ACCCD2B91AE222460043ED41 /* Mailbox.swift */,
				ACCCD2BA1AE222460043ED41 /* Transport.swift */,
			);
			path = Data;
			sourceTree = "<group>";
		};
		ACF1FA6A1AE19253006309D4 /* Vendor */ = {
			isa = PBXGroup;
			children = (
				ACF1FA681AE1924E006309D4 /* Security.framework */,
				ACF1FA6B1AE192A0006309D4 /* mailcore2.xcodeproj */,
				ACF1FA861AE192AF006309D4 /* pop.xcodeproj */,
				ACF1FA981AE192BC006309D4 /* SQLite.xcodeproj */,
				ACF1FAAB1AE192C4006309D4 /* SwiftyJSON.xcodeproj */,
			);
			name = Vendor;
			sourceTree = "<group>";
		};
		ACF1FA6C1AE192A0006309D4 /* Products */ = {
			isa = PBXGroup;
			children = (
				ACF1FA771AE192A0006309D4 /* libMailCore.a */,
				ACF1FA791AE192A0006309D4 /* libMailCore-ios.a */,
				ACF1FA7B1AE192A0006309D4 /* tests */,
				ACF1FA7D1AE192A0006309D4 /* test-ios.app */,
				ACF1FA7F1AE192A0006309D4 /* MailCore.framework */,
				ACF1FA811AE192A0006309D4 /* MailCore.framework */,
				ACF1FA831AE192A0006309D4 /* unittest.xctest */,
				ACF1FA851AE192A0006309D4 /* unittestcpp */,
			);
			name = Products;
			sourceTree = "<group>";
		};
		ACF1FA871AE192AF006309D4 /* Products */ = {
			isa = PBXGroup;
			children = (
				ACF1FA8F1AE192B0006309D4 /* libpop.a */,
				ACF1FA911AE192B0006309D4 /* pop.framework */,
				ACF1FA931AE192B0006309D4 /* pop.framework */,
				ACF1FA951AE192B0006309D4 /* pop-tests.xctest */,
				ACF1FA971AE192B0006309D4 /* pop-tests-osx.xctest */,
			);
			name = Products;
			sourceTree = "<group>";
		};
		ACF1FA991AE192BC006309D4 /* Products */ = {
			isa = PBXGroup;
			children = (
				ACF1FAA21AE192BC006309D4 /* SQLite.framework */,
				ACF1FAA41AE192BC006309D4 /* SQLite Tests.xctest */,
				ACF1FAA61AE192BC006309D4 /* SQLite.framework */,
				ACF1FAA81AE192BC006309D4 /* SQLiteCipher Tests.xctest */,
				ACF1FAAA1AE192BC006309D4 /* sqlite3.framework */,
			);
			name = Products;
			sourceTree = "<group>";
		};
		ACF1FAAC1AE192C4006309D4 /* Products */ = {
			isa = PBXGroup;
			children = (
				ACF1FAB31AE192C4006309D4 /* SwiftyJSON.framework */,
				ACF1FAB51AE192C4006309D4 /* SwiftyJSON iOS Tests.xctest */,
				ACF1FAB71AE192C4006309D4 /* SwiftyJSON.framework */,
				ACF1FAB91AE192C4006309D4 /* SwiftyJSON OSX Tests.xctest */,
			);
			name = Products;
			sourceTree = "<group>";
		};
/* End PBXGroup section */

/* Begin PBXNativeTarget section */
		ACF1FA011AE1912E006309D4 /* MarginMail */ = {
			isa = PBXNativeTarget;
			buildConfigurationList = ACF1FA1C1AE1912F006309D4 /* Build configuration list for PBXNativeTarget "MarginMail" */;
			buildPhases = (
				ACF1F9FE1AE1912E006309D4 /* Sources */,
				ACF1F9FF1AE1912E006309D4 /* Frameworks */,
				ACF1FA001AE1912E006309D4 /* Resources */,
				ACF1FABD1AE1930A006309D4 /* CopyFiles */,
			);
			buildRules = (
			);
			dependencies = (
				ACF1FAC51AE1933B006309D4 /* PBXTargetDependency */,
				ACF1FAC31AE19334006309D4 /* PBXTargetDependency */,
			);
			name = MarginMail;
			productName = MarginMail;
			productReference = ACF1FA021AE1912E006309D4 /* MarginMail.app */;
			productType = "com.apple.product-type.application";
		};
		ACF1FA111AE1912F006309D4 /* MarginMailTests */ = {
			isa = PBXNativeTarget;
			buildConfigurationList = ACF1FA1F1AE1912F006309D4 /* Build configuration list for PBXNativeTarget "MarginMailTests" */;
			buildPhases = (
				ACF1FA0E1AE1912F006309D4 /* Sources */,
				ACF1FA0F1AE1912F006309D4 /* Frameworks */,
				ACF1FA101AE1912F006309D4 /* Resources */,
			);
			buildRules = (
			);
			dependencies = (
				ACF1FA141AE1912F006309D4 /* PBXTargetDependency */,
			);
			name = MarginMailTests;
			productName = MarginMailTests;
			productReference = ACF1FA121AE1912F006309D4 /* MarginMailTests.xctest */;
			productType = "com.apple.product-type.bundle.unit-test";
		};
/* End PBXNativeTarget section */

/* Begin PBXProject section */
		ACF1F9FA1AE1912E006309D4 /* Project object */ = {
			isa = PBXProject;
			attributes = {
				LastUpgradeCheck = 0630;
				ORGANIZATIONNAME = "Margin Labs";
				TargetAttributes = {
					ACF1FA011AE1912E006309D4 = {
						CreatedOnToolsVersion = 6.3;
					};
					ACF1FA111AE1912F006309D4 = {
						CreatedOnToolsVersion = 6.3;
						TestTargetID = ACF1FA011AE1912E006309D4;
					};
				};
			};
			buildConfigurationList = ACF1F9FD1AE1912E006309D4 /* Build configuration list for PBXProject "MarginMail" */;
			compatibilityVersion = "Xcode 3.2";
			developmentRegion = English;
			hasScannedForEncodings = 0;
			knownRegions = (
				en,
				Base,
			);
			mainGroup = ACF1F9F91AE1912E006309D4;
			productRefGroup = ACF1FA031AE1912E006309D4 /* Products */;
			projectDirPath = "";
			projectReferences = (
				{
					ProductGroup = ACF1FA6C1AE192A0006309D4 /* Products */;
					ProjectRef = ACF1FA6B1AE192A0006309D4 /* mailcore2.xcodeproj */;
				},
				{
					ProductGroup = ACF1FA871AE192AF006309D4 /* Products */;
					ProjectRef = ACF1FA861AE192AF006309D4 /* pop.xcodeproj */;
				},
				{
					ProductGroup = ACF1FA991AE192BC006309D4 /* Products */;
					ProjectRef = ACF1FA981AE192BC006309D4 /* SQLite.xcodeproj */;
				},
				{
					ProductGroup = ACF1FAAC1AE192C4006309D4 /* Products */;
					ProjectRef = ACF1FAAB1AE192C4006309D4 /* SwiftyJSON.xcodeproj */;
				},
			);
			projectRoot = "";
			targets = (
				ACF1FA011AE1912E006309D4 /* MarginMail */,
				ACF1FA111AE1912F006309D4 /* MarginMailTests */,
			);
		};
/* End PBXProject section */

/* Begin PBXReferenceProxy section */
		ACF1FA771AE192A0006309D4 /* libMailCore.a */ = {
			isa = PBXReferenceProxy;
			fileType = archive.ar;
			path = libMailCore.a;
			remoteRef = ACF1FA761AE192A0006309D4 /* PBXContainerItemProxy */;
			sourceTree = BUILT_PRODUCTS_DIR;
		};
		ACF1FA791AE192A0006309D4 /* libMailCore-ios.a */ = {
			isa = PBXReferenceProxy;
			fileType = archive.ar;
			path = "libMailCore-ios.a";
			remoteRef = ACF1FA781AE192A0006309D4 /* PBXContainerItemProxy */;
			sourceTree = BUILT_PRODUCTS_DIR;
		};
		ACF1FA7B1AE192A0006309D4 /* tests */ = {
			isa = PBXReferenceProxy;
			fileType = "compiled.mach-o.executable";
			path = tests;
			remoteRef = ACF1FA7A1AE192A0006309D4 /* PBXContainerItemProxy */;
			sourceTree = BUILT_PRODUCTS_DIR;
		};
		ACF1FA7D1AE192A0006309D4 /* test-ios.app */ = {
			isa = PBXReferenceProxy;
			fileType = wrapper.application;
			path = "test-ios.app";
			remoteRef = ACF1FA7C1AE192A0006309D4 /* PBXContainerItemProxy */;
			sourceTree = BUILT_PRODUCTS_DIR;
		};
		ACF1FA7F1AE192A0006309D4 /* MailCore.framework */ = {
			isa = PBXReferenceProxy;
			fileType = wrapper.framework;
			path = MailCore.framework;
			remoteRef = ACF1FA7E1AE192A0006309D4 /* PBXContainerItemProxy */;
			sourceTree = BUILT_PRODUCTS_DIR;
		};
		ACF1FA811AE192A0006309D4 /* MailCore.framework */ = {
			isa = PBXReferenceProxy;
			fileType = wrapper.framework;
			path = MailCore.framework;
			remoteRef = ACF1FA801AE192A0006309D4 /* PBXContainerItemProxy */;
			sourceTree = BUILT_PRODUCTS_DIR;
		};
		ACF1FA831AE192A0006309D4 /* unittest.xctest */ = {
			isa = PBXReferenceProxy;
			fileType = wrapper.cfbundle;
			path = unittest.xctest;
			remoteRef = ACF1FA821AE192A0006309D4 /* PBXContainerItemProxy */;
			sourceTree = BUILT_PRODUCTS_DIR;
		};
		ACF1FA851AE192A0006309D4 /* unittestcpp */ = {
			isa = PBXReferenceProxy;
			fileType = "compiled.mach-o.executable";
			path = unittestcpp;
			remoteRef = ACF1FA841AE192A0006309D4 /* PBXContainerItemProxy */;
			sourceTree = BUILT_PRODUCTS_DIR;
		};
		ACF1FA8F1AE192B0006309D4 /* libpop.a */ = {
			isa = PBXReferenceProxy;
			fileType = archive.ar;
			path = libpop.a;
			remoteRef = ACF1FA8E1AE192B0006309D4 /* PBXContainerItemProxy */;
			sourceTree = BUILT_PRODUCTS_DIR;
		};
		ACF1FA911AE192B0006309D4 /* pop.framework */ = {
			isa = PBXReferenceProxy;
			fileType = wrapper.framework;
			path = pop.framework;
			remoteRef = ACF1FA901AE192B0006309D4 /* PBXContainerItemProxy */;
			sourceTree = BUILT_PRODUCTS_DIR;
		};
		ACF1FA931AE192B0006309D4 /* pop.framework */ = {
			isa = PBXReferenceProxy;
			fileType = wrapper.framework;
			path = pop.framework;
			remoteRef = ACF1FA921AE192B0006309D4 /* PBXContainerItemProxy */;
			sourceTree = BUILT_PRODUCTS_DIR;
		};
		ACF1FA951AE192B0006309D4 /* pop-tests.xctest */ = {
			isa = PBXReferenceProxy;
			fileType = wrapper.cfbundle;
			path = "pop-tests.xctest";
			remoteRef = ACF1FA941AE192B0006309D4 /* PBXContainerItemProxy */;
			sourceTree = BUILT_PRODUCTS_DIR;
		};
		ACF1FA971AE192B0006309D4 /* pop-tests-osx.xctest */ = {
			isa = PBXReferenceProxy;
			fileType = wrapper.cfbundle;
			path = "pop-tests-osx.xctest";
			remoteRef = ACF1FA961AE192B0006309D4 /* PBXContainerItemProxy */;
			sourceTree = BUILT_PRODUCTS_DIR;
		};
		ACF1FAA21AE192BC006309D4 /* SQLite.framework */ = {
			isa = PBXReferenceProxy;
			fileType = wrapper.framework;
			path = SQLite.framework;
			remoteRef = ACF1FAA11AE192BC006309D4 /* PBXContainerItemProxy */;
			sourceTree = BUILT_PRODUCTS_DIR;
		};
		ACF1FAA41AE192BC006309D4 /* SQLite Tests.xctest */ = {
			isa = PBXReferenceProxy;
			fileType = wrapper.cfbundle;
			path = "SQLite Tests.xctest";
			remoteRef = ACF1FAA31AE192BC006309D4 /* PBXContainerItemProxy */;
			sourceTree = BUILT_PRODUCTS_DIR;
		};
		ACF1FAA61AE192BC006309D4 /* SQLite.framework */ = {
			isa = PBXReferenceProxy;
			fileType = wrapper.framework;
			path = SQLite.framework;
			remoteRef = ACF1FAA51AE192BC006309D4 /* PBXContainerItemProxy */;
			sourceTree = BUILT_PRODUCTS_DIR;
		};
		ACF1FAA81AE192BC006309D4 /* SQLiteCipher Tests.xctest */ = {
			isa = PBXReferenceProxy;
			fileType = wrapper.cfbundle;
			path = "SQLiteCipher Tests.xctest";
			remoteRef = ACF1FAA71AE192BC006309D4 /* PBXContainerItemProxy */;
			sourceTree = BUILT_PRODUCTS_DIR;
		};
		ACF1FAAA1AE192BC006309D4 /* sqlite3.framework */ = {
			isa = PBXReferenceProxy;
			fileType = wrapper.framework;
			path = sqlite3.framework;
			remoteRef = ACF1FAA91AE192BC006309D4 /* PBXContainerItemProxy */;
			sourceTree = BUILT_PRODUCTS_DIR;
		};
		ACF1FAB31AE192C4006309D4 /* SwiftyJSON.framework */ = {
			isa = PBXReferenceProxy;
			fileType = wrapper.framework;
			path = SwiftyJSON.framework;
			remoteRef = ACF1FAB21AE192C4006309D4 /* PBXContainerItemProxy */;
			sourceTree = BUILT_PRODUCTS_DIR;
		};
		ACF1FAB51AE192C4006309D4 /* SwiftyJSON iOS Tests.xctest */ = {
			isa = PBXReferenceProxy;
			fileType = wrapper.cfbundle;
			path = "SwiftyJSON iOS Tests.xctest";
			remoteRef = ACF1FAB41AE192C4006309D4 /* PBXContainerItemProxy */;
			sourceTree = BUILT_PRODUCTS_DIR;
		};
		ACF1FAB71AE192C4006309D4 /* SwiftyJSON.framework */ = {
			isa = PBXReferenceProxy;
			fileType = wrapper.framework;
			path = SwiftyJSON.framework;
			remoteRef = ACF1FAB61AE192C4006309D4 /* PBXContainerItemProxy */;
			sourceTree = BUILT_PRODUCTS_DIR;
		};
		ACF1FAB91AE192C4006309D4 /* SwiftyJSON OSX Tests.xctest */ = {
			isa = PBXReferenceProxy;
			fileType = wrapper.cfbundle;
			path = "SwiftyJSON OSX Tests.xctest";
			remoteRef = ACF1FAB81AE192C4006309D4 /* PBXContainerItemProxy */;
			sourceTree = BUILT_PRODUCTS_DIR;
		};
/* End PBXReferenceProxy section */

/* Begin PBXResourcesBuildPhase section */
		ACF1FA001AE1912E006309D4 /* Resources */ = {
			isa = PBXResourcesBuildPhase;
			buildActionMask = 2147483647;
			files = (
				7BC4F1621AE1E201007DD2E1 /* Fonts in Resources */,
				7BC4F1641AE1E201007DD2E1 /* MailIcon.icns in Resources */,
				7BC4F1631AE1E201007DD2E1 /* Images.xcassets in Resources */,
				7BC4F1651AE1E201007DD2E1 /* MainMenu.xib in Resources */,
			);
			runOnlyForDeploymentPostprocessing = 0;
		};
		ACF1FA101AE1912F006309D4 /* Resources */ = {
			isa = PBXResourcesBuildPhase;
			buildActionMask = 2147483647;
			files = (
			);
			runOnlyForDeploymentPostprocessing = 0;
		};
/* End PBXResourcesBuildPhase section */

/* Begin PBXSourcesBuildPhase section */
		ACF1F9FE1AE1912E006309D4 /* Sources */ = {
			isa = PBXSourcesBuildPhase;
			buildActionMask = 2147483647;
			files = (
				ACCCD2AC1AE222030043ED41 /* Window.swift in Sources */,
				ACCCD2CD1AE2485E0043ED41 /* MailboxTable.swift in Sources */,
				ACCCD2C31AE2225C0043ED41 /* MailReader.swift in Sources */,
				ACCCD2C11AE2225C0043ED41 /* MailAddress.swift in Sources */,
				ACCCD2EC1AE43ABB0043ED41 /* MailboxStore.swift in Sources */,
				ACCCD2961AE221B00043ED41 /* Main.swift in Sources */,
				ACCCD2B41AE2221F0043ED41 /* CGRect.swift in Sources */,
				ACF1FA311AE191AC006309D4 /* AppDelegate.swift in Sources */,
				ACCCD2A81AE221F70043ED41 /* TextField.swift in Sources */,
				ACCCD29C1AE221CB0043ED41 /* SidebarItem.swift in Sources */,
				ACCCD2B01AE222100043ED41 /* Geometry.swift in Sources */,
				ACCCD2C21AE2225C0043ED41 /* MailClient.swift in Sources */,
				ACCCD2981AE221BC0043ED41 /* MessageList.swift in Sources */,
				ACCCD2A21AE221E20043ED41 /* ImageView.swift in Sources */,
				ACCCD2B61AE222280043ED41 /* NSImage.swift in Sources */,
				ACCCD2D11AE24B100043ED41 /* NSData.swift in Sources */,
				ACCCD29A1AE221C50043ED41 /* Sidebar.swift in Sources */,
				ACF1FA331AE191AC006309D4 /* Config.swift in Sources */,
				ACF1FA291AE19195006309D4 /* MainWindow.swift in Sources */,
				ACCCD2BB1AE222460043ED41 /* Mailbox.swift in Sources */,
				ACCCD2A61AE221F00043ED41 /* SplitView.swift in Sources */,
				ACCCD2CB1AE23F7F0043ED41 /* Table.swift in Sources */,
				ACC1940B1AE48A57003071DA /* Lock.swift in Sources */,
				ACCCD2B21AE2221A0043ED41 /* Array.swift in Sources */,
				7BE16ED11AE4A9D9002DCD22 /* Content.swift in Sources */,
				ACC194091AE486FF003071DA /* AppDispatcher.swift in Sources */,
				ACCCD2A41AE221E90043ED41 /* Label.swift in Sources */,
				ACCCD2C41AE2225C0043ED41 /* MailWriter.swift in Sources */,
				ACCCD2C71AE238240043ED41 /* DB.swift in Sources */,
				ACCCD2CF1AE24AF40043ED41 /* NSUUID.swift in Sources */,
				ACCCD2AF1AE222100043ED41 /* Color.swift in Sources */,
				ACCCD2A01AE221DC0043ED41 /* ButtonCell.swift in Sources */,
				ACCCD2BC1AE222460043ED41 /* Transport.swift in Sources */,
				ACCCD29E1AE221D90043ED41 /* Button.swift in Sources */,
				ACCCD2AA1AE221FE0043ED41 /* View.swift in Sources */,
				ACCCD2C91AE23C000043ED41 /* TransportTable.swift in Sources */,
				ACCCD2B81AE2222D0043ED41 /* NSColor.swift in Sources */,
			);
			runOnlyForDeploymentPostprocessing = 0;
		};
		ACF1FA0E1AE1912F006309D4 /* Sources */ = {
			isa = PBXSourcesBuildPhase;
			buildActionMask = 2147483647;
			files = (
				ACF1FA191AE1912F006309D4 /* MarginMailTests.swift in Sources */,
			);
			runOnlyForDeploymentPostprocessing = 0;
		};
/* End PBXSourcesBuildPhase section */

/* Begin PBXTargetDependency section */
		ACF1FA141AE1912F006309D4 /* PBXTargetDependency */ = {
			isa = PBXTargetDependency;
			target = ACF1FA011AE1912E006309D4 /* MarginMail */;
			targetProxy = ACF1FA131AE1912F006309D4 /* PBXContainerItemProxy */;
		};
		ACF1FAC31AE19334006309D4 /* PBXTargetDependency */ = {
			isa = PBXTargetDependency;
			name = "mailcore osx";
			targetProxy = ACF1FAC21AE19334006309D4 /* PBXContainerItemProxy */;
		};
		ACF1FAC51AE1933B006309D4 /* PBXTargetDependency */ = {
			isa = PBXTargetDependency;
			name = SQLite;
			targetProxy = ACF1FAC41AE1933B006309D4 /* PBXContainerItemProxy */;
		};
/* End PBXTargetDependency section */

/* Begin XCBuildConfiguration section */
		ACF1FA1A1AE1912F006309D4 /* Debug */ = {
			isa = XCBuildConfiguration;
			buildSettings = {
				ALWAYS_SEARCH_USER_PATHS = NO;
				ARCHS = "$(NATIVE_ARCH_ACTUAL)";
				CLANG_CXX_LANGUAGE_STANDARD = "gnu++0x";
				CLANG_CXX_LIBRARY = "libc++";
				CLANG_ENABLE_MODULES = YES;
				CLANG_ENABLE_OBJC_ARC = YES;
				CLANG_WARN_BOOL_CONVERSION = YES;
				CLANG_WARN_CONSTANT_CONVERSION = YES;
				CLANG_WARN_DIRECT_OBJC_ISA_USAGE = YES_ERROR;
				CLANG_WARN_EMPTY_BODY = YES;
				CLANG_WARN_ENUM_CONVERSION = YES;
				CLANG_WARN_INT_CONVERSION = YES;
				CLANG_WARN_OBJC_ROOT_CLASS = YES_ERROR;
				CLANG_WARN_UNREACHABLE_CODE = YES;
				CLANG_WARN__DUPLICATE_METHOD_MATCH = YES;
				CODE_SIGN_IDENTITY = "-";
				COPY_PHASE_STRIP = NO;
				DEBUG_INFORMATION_FORMAT = dwarf;
				ENABLE_STRICT_OBJC_MSGSEND = YES;
				GCC_C_LANGUAGE_STANDARD = gnu99;
				GCC_DYNAMIC_NO_PIC = NO;
				GCC_NO_COMMON_BLOCKS = YES;
				GCC_OPTIMIZATION_LEVEL = 0;
				GCC_PREPROCESSOR_DEFINITIONS = (
					"DEBUG=1",
					"$(inherited)",
				);
				GCC_SYMBOLS_PRIVATE_EXTERN = NO;
				GCC_WARN_64_TO_32_BIT_CONVERSION = YES;
				GCC_WARN_ABOUT_RETURN_TYPE = YES_ERROR;
				GCC_WARN_UNDECLARED_SELECTOR = YES;
				GCC_WARN_UNINITIALIZED_AUTOS = YES_AGGRESSIVE;
				GCC_WARN_UNUSED_FUNCTION = YES;
				GCC_WARN_UNUSED_VARIABLE = YES;
				MACOSX_DEPLOYMENT_TARGET = 10.10;
				MTL_ENABLE_DEBUG_INFO = YES;
				ONLY_ACTIVE_ARCH = YES;
				SDKROOT = macosx;
				SWIFT_OPTIMIZATION_LEVEL = "-Onone";
			};
			name = Debug;
		};
		ACF1FA1B1AE1912F006309D4 /* Release */ = {
			isa = XCBuildConfiguration;
			buildSettings = {
				ALWAYS_SEARCH_USER_PATHS = NO;
				ARCHS = "$(NATIVE_ARCH_ACTUAL)";
				CLANG_CXX_LANGUAGE_STANDARD = "gnu++0x";
				CLANG_CXX_LIBRARY = "libc++";
				CLANG_ENABLE_MODULES = YES;
				CLANG_ENABLE_OBJC_ARC = YES;
				CLANG_WARN_BOOL_CONVERSION = YES;
				CLANG_WARN_CONSTANT_CONVERSION = YES;
				CLANG_WARN_DIRECT_OBJC_ISA_USAGE = YES_ERROR;
				CLANG_WARN_EMPTY_BODY = YES;
				CLANG_WARN_ENUM_CONVERSION = YES;
				CLANG_WARN_INT_CONVERSION = YES;
				CLANG_WARN_OBJC_ROOT_CLASS = YES_ERROR;
				CLANG_WARN_UNREACHABLE_CODE = YES;
				CLANG_WARN__DUPLICATE_METHOD_MATCH = YES;
				CODE_SIGN_IDENTITY = "-";
				COPY_PHASE_STRIP = NO;
				DEBUG_INFORMATION_FORMAT = "dwarf-with-dsym";
				ENABLE_NS_ASSERTIONS = NO;
				ENABLE_STRICT_OBJC_MSGSEND = YES;
				GCC_C_LANGUAGE_STANDARD = gnu99;
				GCC_NO_COMMON_BLOCKS = YES;
				GCC_WARN_64_TO_32_BIT_CONVERSION = YES;
				GCC_WARN_ABOUT_RETURN_TYPE = YES_ERROR;
				GCC_WARN_UNDECLARED_SELECTOR = YES;
				GCC_WARN_UNINITIALIZED_AUTOS = YES_AGGRESSIVE;
				GCC_WARN_UNUSED_FUNCTION = YES;
				GCC_WARN_UNUSED_VARIABLE = YES;
				MACOSX_DEPLOYMENT_TARGET = 10.10;
				MTL_ENABLE_DEBUG_INFO = NO;
				SDKROOT = macosx;
			};
			name = Release;
		};
		ACF1FA1D1AE1912F006309D4 /* Debug */ = {
			isa = XCBuildConfiguration;
			buildSettings = {
				ALWAYS_SEARCH_USER_PATHS = YES;
				ASSETCATALOG_COMPILER_APPICON_NAME = AppIcon;
				COMBINE_HIDPI_IMAGES = YES;
				DEFINES_MODULE = YES;
				INFOPLIST_FILE = MarginMail/Info.plist;
				LD_RUNPATH_SEARCH_PATHS = "$(inherited) @executable_path/../Frameworks";
				PRODUCT_NAME = "$(TARGET_NAME)";
				SWIFT_OBJC_BRIDGING_HEADER = MarginMail/Bridge.h;
				USER_HEADER_SEARCH_PATHS = "Vendor/pop/**";
			};
			name = Debug;
		};
		ACF1FA1E1AE1912F006309D4 /* Release */ = {
			isa = XCBuildConfiguration;
			buildSettings = {
				ALWAYS_SEARCH_USER_PATHS = YES;
				ASSETCATALOG_COMPILER_APPICON_NAME = AppIcon;
				COMBINE_HIDPI_IMAGES = YES;
				DEFINES_MODULE = YES;
				INFOPLIST_FILE = MarginMail/Info.plist;
				LD_RUNPATH_SEARCH_PATHS = "$(inherited) @executable_path/../Frameworks";
				PRODUCT_NAME = "$(TARGET_NAME)";
				SWIFT_OBJC_BRIDGING_HEADER = MarginMail/Bridge.h;
				USER_HEADER_SEARCH_PATHS = "Vendor/pop/**";
			};
			name = Release;
		};
		ACF1FA201AE1912F006309D4 /* Debug */ = {
			isa = XCBuildConfiguration;
			buildSettings = {
				BUNDLE_LOADER = "$(TEST_HOST)";
				COMBINE_HIDPI_IMAGES = YES;
				FRAMEWORK_SEARCH_PATHS = (
					"$(DEVELOPER_FRAMEWORKS_DIR)",
					"$(inherited)",
				);
				GCC_PREPROCESSOR_DEFINITIONS = (
					"DEBUG=1",
					"$(inherited)",
				);
				INFOPLIST_FILE = MarginMailTests/Info.plist;
				LD_RUNPATH_SEARCH_PATHS = "$(inherited) @executable_path/../Frameworks @loader_path/../Frameworks";
				PRODUCT_NAME = "$(TARGET_NAME)";
				TEST_HOST = "$(BUILT_PRODUCTS_DIR)/MarginMail.app/Contents/MacOS/MarginMail";
			};
			name = Debug;
		};
		ACF1FA211AE1912F006309D4 /* Release */ = {
			isa = XCBuildConfiguration;
			buildSettings = {
				BUNDLE_LOADER = "$(TEST_HOST)";
				COMBINE_HIDPI_IMAGES = YES;
				FRAMEWORK_SEARCH_PATHS = (
					"$(DEVELOPER_FRAMEWORKS_DIR)",
					"$(inherited)",
				);
				INFOPLIST_FILE = MarginMailTests/Info.plist;
				LD_RUNPATH_SEARCH_PATHS = "$(inherited) @executable_path/../Frameworks @loader_path/../Frameworks";
				PRODUCT_NAME = "$(TARGET_NAME)";
				TEST_HOST = "$(BUILT_PRODUCTS_DIR)/MarginMail.app/Contents/MacOS/MarginMail";
			};
			name = Release;
		};
/* End XCBuildConfiguration section */

/* Begin XCConfigurationList section */
		ACF1F9FD1AE1912E006309D4 /* Build configuration list for PBXProject "MarginMail" */ = {
			isa = XCConfigurationList;
			buildConfigurations = (
				ACF1FA1A1AE1912F006309D4 /* Debug */,
				ACF1FA1B1AE1912F006309D4 /* Release */,
			);
			defaultConfigurationIsVisible = 0;
			defaultConfigurationName = Release;
		};
		ACF1FA1C1AE1912F006309D4 /* Build configuration list for PBXNativeTarget "MarginMail" */ = {
			isa = XCConfigurationList;
			buildConfigurations = (
				ACF1FA1D1AE1912F006309D4 /* Debug */,
				ACF1FA1E1AE1912F006309D4 /* Release */,
			);
			defaultConfigurationIsVisible = 0;
			defaultConfigurationName = Release;
		};
		ACF1FA1F1AE1912F006309D4 /* Build configuration list for PBXNativeTarget "MarginMailTests" */ = {
			isa = XCConfigurationList;
			buildConfigurations = (
				ACF1FA201AE1912F006309D4 /* Debug */,
				ACF1FA211AE1912F006309D4 /* Release */,
			);
			defaultConfigurationIsVisible = 0;
			defaultConfigurationName = Release;
		};
/* End XCConfigurationList section */
	};
	rootObject = ACF1F9FA1AE1912E006309D4 /* Project object */;
}
