// !$*UTF8*$!
{
	archiveVersion = 1;
	classes = {
	};
	objectVersion = 46;
	objects = {

/* Begin PBXBuildFile section */
		7B1975701AD385E7002BB7A4 /* MessageList.swift in Sources */ = {isa = PBXBuildFile; fileRef = 7B19756B1AD385E7002BB7A4 /* MessageList.swift */; };
		7B1975711AD385E7002BB7A4 /* Main.swift in Sources */ = {isa = PBXBuildFile; fileRef = 7B19756C1AD385E7002BB7A4 /* Main.swift */; };
		7B1975721AD385E7002BB7A4 /* Sidebar.swift in Sources */ = {isa = PBXBuildFile; fileRef = 7B19756D1AD385E7002BB7A4 /* Sidebar.swift */; };
		7B1975731AD385E7002BB7A4 /* View.swift in Sources */ = {isa = PBXBuildFile; fileRef = 7B19756E1AD385E7002BB7A4 /* View.swift */; };
		7B4DB7071AD213BF00AEA6C8 /* AppDelegate.swift in Sources */ = {isa = PBXBuildFile; fileRef = 7B4DB7061AD213BF00AEA6C8 /* AppDelegate.swift */; };
		7B4DB7091AD213BF00AEA6C8 /* Images.xcassets in Resources */ = {isa = PBXBuildFile; fileRef = 7B4DB7081AD213BF00AEA6C8 /* Images.xcassets */; };
		7B4DB70C1AD213BF00AEA6C8 /* MainMenu.xib in Resources */ = {isa = PBXBuildFile; fileRef = 7B4DB70A1AD213BF00AEA6C8 /* MainMenu.xib */; };
		7B4DB7181AD213BF00AEA6C8 /* Margin_MailTests.swift in Sources */ = {isa = PBXBuildFile; fileRef = 7B4DB7171AD213BF00AEA6C8 /* Margin_MailTests.swift */; };
		7B4DB7241AD2151500AEA6C8 /* MainWindow.swift in Sources */ = {isa = PBXBuildFile; fileRef = 7B4DB7231AD2151500AEA6C8 /* MainWindow.swift */; };
		7B4DB7341AD364D200AEA6C8 /* Window.swift in Sources */ = {isa = PBXBuildFile; fileRef = 7B4DB7331AD364D200AEA6C8 /* Window.swift */; };
		7B858BE31AD9AA5C00FCFF56 /* Color.swift in Sources */ = {isa = PBXBuildFile; fileRef = 7B858BE21AD9AA5C00FCFF56 /* Color.swift */; };
		7B951C771AD87B1400464CA2 /* Label.swift in Sources */ = {isa = PBXBuildFile; fileRef = 7B951C761AD87B1400464CA2 /* Label.swift */; };
		7B951C7A1AD883DD00464CA2 /* OpenSans-Regular.ttf in Resources */ = {isa = PBXBuildFile; fileRef = 7B951C781AD883DD00464CA2 /* OpenSans-Regular.ttf */; };
		7B951C7B1AD883DD00464CA2 /* OpenSans-Semibold.ttf in Resources */ = {isa = PBXBuildFile; fileRef = 7B951C791AD883DD00464CA2 /* OpenSans-Semibold.ttf */; };
		7BB06FB91AD38BFB00C4701C /* SplitView.swift in Sources */ = {isa = PBXBuildFile; fileRef = 7BB06FB81AD38BFB00C4701C /* SplitView.swift */; };
		7BB06FBD1AD62AF800C4701C /* TextField.swift in Sources */ = {isa = PBXBuildFile; fileRef = 7BB06FBC1AD62AF800C4701C /* TextField.swift */; };
		7BD1E8FC1ADA27A3002A5C79 /* pop.framework in Frameworks */ = {isa = PBXBuildFile; fileRef = 7BD1E8F51ADA2793002A5C79 /* pop.framework */; };
		7BD1E8FE1ADA295E002A5C79 /* ImageView.swift in Sources */ = {isa = PBXBuildFile; fileRef = 7BD1E8FD1ADA295E002A5C79 /* ImageView.swift */; };
		7BDA78011AD89A9C0080C0AA /* Button.swift in Sources */ = {isa = PBXBuildFile; fileRef = 7BDA78001AD89A9C0080C0AA /* Button.swift */; };
		7BDA78071AD8C0450080C0AA /* MailIcon.icns in Resources */ = {isa = PBXBuildFile; fileRef = 7BDA78061AD8C0450080C0AA /* MailIcon.icns */; };
		7BDA78091AD8C4890080C0AA /* NSImage.swift in Sources */ = {isa = PBXBuildFile; fileRef = 7BDA78081AD8C4890080C0AA /* NSImage.swift */; };
		7BDA780C1AD8D0600080C0AA /* ButtonCell.swift in Sources */ = {isa = PBXBuildFile; fileRef = 7BDA780B1AD8D0600080C0AA /* ButtonCell.swift */; };
		7BDA78101AD990EF0080C0AA /* SidebarItem.swift in Sources */ = {isa = PBXBuildFile; fileRef = 7BDA780F1AD990EF0080C0AA /* SidebarItem.swift */; };
		AC384F8B1AD9ACC300777259 /* CGRect.swift in Sources */ = {isa = PBXBuildFile; fileRef = AC384F8A1AD9ACC300777259 /* CGRect.swift */; };
		AC384F8F1AD9B3B600777259 /* Geometry.swift in Sources */ = {isa = PBXBuildFile; fileRef = AC384F8E1AD9B3B600777259 /* Geometry.swift */; };
		ACDA71C91ADA22B300C4E34E /* libMailCore.a in Frameworks */ = {isa = PBXBuildFile; fileRef = ACDA71BA1ADA227900C4E34E /* libMailCore.a */; };
		ACDA71CB1ADA22C000C4E34E /* Security.framework in Frameworks */ = {isa = PBXBuildFile; fileRef = ACDA71CA1ADA22C000C4E34E /* Security.framework */; };
/* End PBXBuildFile section */

/* Begin PBXContainerItemProxy section */
		7B4DB7121AD213BF00AEA6C8 /* PBXContainerItemProxy */ = {
			isa = PBXContainerItemProxy;
			containerPortal = 7B4DB6F91AD213BF00AEA6C8 /* Project object */;
			proxyType = 1;
			remoteGlobalIDString = 7B4DB7001AD213BF00AEA6C8;
			remoteInfo = "Margin Mail";
		};
		7BD1E8F21ADA2793002A5C79 /* PBXContainerItemProxy */ = {
			isa = PBXContainerItemProxy;
			containerPortal = 7BD1E8EA1ADA2793002A5C79 /* pop.xcodeproj */;
			proxyType = 2;
			remoteGlobalIDString = EC191218162FB53A00E0CC76;
			remoteInfo = pop;
		};
		7BD1E8F41ADA2793002A5C79 /* PBXContainerItemProxy */ = {
			isa = PBXContainerItemProxy;
			containerPortal = 7BD1E8EA1ADA2793002A5C79 /* pop.xcodeproj */;
			proxyType = 2;
			remoteGlobalIDString = EC68857F18C7B60000C6194C;
			remoteInfo = "pop-osx";
		};
		7BD1E8F61ADA2793002A5C79 /* PBXContainerItemProxy */ = {
			isa = PBXContainerItemProxy;
			containerPortal = 7BD1E8EA1ADA2793002A5C79 /* pop.xcodeproj */;
			proxyType = 2;
			remoteGlobalIDString = 0B6BE74819FFD3B900762101;
			remoteInfo = "pop-embedded";
		};
		7BD1E8F81ADA2793002A5C79 /* PBXContainerItemProxy */ = {
			isa = PBXContainerItemProxy;
			containerPortal = 7BD1E8EA1ADA2793002A5C79 /* pop.xcodeproj */;
			proxyType = 2;
			remoteGlobalIDString = ECF01ED318C92B7F009E0AD1;
			remoteInfo = "pop-tests";
		};
		7BD1E8FA1ADA2793002A5C79 /* PBXContainerItemProxy */ = {
			isa = PBXContainerItemProxy;
			containerPortal = 7BD1E8EA1ADA2793002A5C79 /* pop.xcodeproj */;
			proxyType = 2;
			remoteGlobalIDString = EC7E319918C93D6500B38170;
			remoteInfo = "pop-tests-osx";
		};
		ACDA71B91ADA227900C4E34E /* PBXContainerItemProxy */ = {
			isa = PBXContainerItemProxy;
			containerPortal = ACDA71AE1ADA227900C4E34E /* mailcore2.xcodeproj */;
			proxyType = 2;
			remoteGlobalIDString = C64EA537169E772200778456;
			remoteInfo = "static mailcore2 osx";
		};
		ACDA71BB1ADA227900C4E34E /* PBXContainerItemProxy */ = {
			isa = PBXContainerItemProxy;
			containerPortal = ACDA71AE1ADA227900C4E34E /* mailcore2.xcodeproj */;
			proxyType = 2;
			remoteGlobalIDString = C6BA2C191705F4E6003F0E9E;
			remoteInfo = "static mailcore2 ios";
		};
		ACDA71BD1ADA227900C4E34E /* PBXContainerItemProxy */ = {
			isa = PBXContainerItemProxy;
			containerPortal = ACDA71AE1ADA227900C4E34E /* mailcore2.xcodeproj */;
			proxyType = 2;
			remoteGlobalIDString = C64EA78C169F259200778456;
			remoteInfo = tests;
		};
		ACDA71BF1ADA227900C4E34E /* PBXContainerItemProxy */ = {
			isa = PBXContainerItemProxy;
			containerPortal = ACDA71AE1ADA227900C4E34E /* mailcore2.xcodeproj */;
			proxyType = 2;
			remoteGlobalIDString = C6A81B911706840C00882C15;
			remoteInfo = "test-ios";
		};
		ACDA71C11ADA227900C4E34E /* PBXContainerItemProxy */ = {
			isa = PBXContainerItemProxy;
			containerPortal = ACDA71AE1ADA227900C4E34E /* mailcore2.xcodeproj */;
			proxyType = 2;
			remoteGlobalIDString = C6BD288D170BD71100A91AC1;
			remoteInfo = "mailcore osx";
		};
		ACDA71C31ADA227900C4E34E /* PBXContainerItemProxy */ = {
			isa = PBXContainerItemProxy;
			containerPortal = ACDA71AE1ADA227900C4E34E /* mailcore2.xcodeproj */;
			proxyType = 2;
			remoteGlobalIDString = 27780C3A19CF9CD100C77E44;
			remoteInfo = "mailcore ios";
		};
		ACDA71C51ADA227900C4E34E /* PBXContainerItemProxy */ = {
			isa = PBXContainerItemProxy;
			containerPortal = ACDA71AE1ADA227900C4E34E /* mailcore2.xcodeproj */;
			proxyType = 2;
			remoteGlobalIDString = C6B5AE0219F630B3001352A6;
			remoteInfo = unittest;
		};
		ACDA71C71ADA227900C4E34E /* PBXContainerItemProxy */ = {
			isa = PBXContainerItemProxy;
			containerPortal = ACDA71AE1ADA227900C4E34E /* mailcore2.xcodeproj */;
			proxyType = 2;
			remoteGlobalIDString = C600B6141A242C3F000728F1;
			remoteInfo = unittestcpp;
		};
/* End PBXContainerItemProxy section */

/* Begin PBXFileReference section */
		7B19756B1AD385E7002BB7A4 /* MessageList.swift */ = {isa = PBXFileReference; fileEncoding = 4; lastKnownFileType = sourcecode.swift; path = MessageList.swift; sourceTree = "<group>"; };
		7B19756C1AD385E7002BB7A4 /* Main.swift */ = {isa = PBXFileReference; fileEncoding = 4; lastKnownFileType = sourcecode.swift; path = Main.swift; sourceTree = "<group>"; };
		7B19756D1AD385E7002BB7A4 /* Sidebar.swift */ = {isa = PBXFileReference; fileEncoding = 4; lastKnownFileType = sourcecode.swift; path = Sidebar.swift; sourceTree = "<group>"; };
		7B19756E1AD385E7002BB7A4 /* View.swift */ = {isa = PBXFileReference; fileEncoding = 4; lastKnownFileType = sourcecode.swift; path = View.swift; sourceTree = "<group>"; };
		7B4DB7011AD213BF00AEA6C8 /* Margin Mail.app */ = {isa = PBXFileReference; explicitFileType = wrapper.application; includeInIndex = 0; path = "Margin Mail.app"; sourceTree = BUILT_PRODUCTS_DIR; };
		7B4DB7051AD213BF00AEA6C8 /* Info.plist */ = {isa = PBXFileReference; lastKnownFileType = text.plist.xml; path = Info.plist; sourceTree = "<group>"; };
		7B4DB7061AD213BF00AEA6C8 /* AppDelegate.swift */ = {isa = PBXFileReference; lastKnownFileType = sourcecode.swift; path = AppDelegate.swift; sourceTree = "<group>"; };
		7B4DB7081AD213BF00AEA6C8 /* Images.xcassets */ = {isa = PBXFileReference; lastKnownFileType = folder.assetcatalog; path = Images.xcassets; sourceTree = "<group>"; };
		7B4DB70B1AD213BF00AEA6C8 /* Base */ = {isa = PBXFileReference; lastKnownFileType = file.xib; name = Base; path = Base.lproj/MainMenu.xib; sourceTree = "<group>"; };
		7B4DB7111AD213BF00AEA6C8 /* Margin MailTests.xctest */ = {isa = PBXFileReference; explicitFileType = wrapper.cfbundle; includeInIndex = 0; path = "Margin MailTests.xctest"; sourceTree = BUILT_PRODUCTS_DIR; };
		7B4DB7161AD213BF00AEA6C8 /* Info.plist */ = {isa = PBXFileReference; lastKnownFileType = text.plist.xml; path = Info.plist; sourceTree = "<group>"; };
		7B4DB7171AD213BF00AEA6C8 /* Margin_MailTests.swift */ = {isa = PBXFileReference; lastKnownFileType = sourcecode.swift; path = Margin_MailTests.swift; sourceTree = "<group>"; };
		7B4DB7231AD2151500AEA6C8 /* MainWindow.swift */ = {isa = PBXFileReference; fileEncoding = 4; lastKnownFileType = sourcecode.swift; path = MainWindow.swift; sourceTree = "<group>"; };
		7B4DB7331AD364D200AEA6C8 /* Window.swift */ = {isa = PBXFileReference; fileEncoding = 4; lastKnownFileType = sourcecode.swift; path = Window.swift; sourceTree = "<group>"; };
		7B858BE21AD9AA5C00FCFF56 /* Color.swift */ = {isa = PBXFileReference; fileEncoding = 4; lastKnownFileType = sourcecode.swift; path = Color.swift; sourceTree = "<group>"; };
		7B951C761AD87B1400464CA2 /* Label.swift */ = {isa = PBXFileReference; fileEncoding = 4; lastKnownFileType = sourcecode.swift; path = Label.swift; sourceTree = "<group>"; };
		7B951C781AD883DD00464CA2 /* OpenSans-Regular.ttf */ = {isa = PBXFileReference; lastKnownFileType = file; name = "OpenSans-Regular.ttf"; path = "Fonts/OpenSans-Regular.ttf"; sourceTree = "<group>"; };
		7B951C791AD883DD00464CA2 /* OpenSans-Semibold.ttf */ = {isa = PBXFileReference; lastKnownFileType = file; name = "OpenSans-Semibold.ttf"; path = "Fonts/OpenSans-Semibold.ttf"; sourceTree = "<group>"; };
		7BB06FB81AD38BFB00C4701C /* SplitView.swift */ = {isa = PBXFileReference; fileEncoding = 4; lastKnownFileType = sourcecode.swift; path = SplitView.swift; sourceTree = "<group>"; };
		7BB06FBC1AD62AF800C4701C /* TextField.swift */ = {isa = PBXFileReference; fileEncoding = 4; lastKnownFileType = sourcecode.swift; path = TextField.swift; sourceTree = "<group>"; };
		7BD1E8EA1ADA2793002A5C79 /* pop.xcodeproj */ = {isa = PBXFileReference; lastKnownFileType = "wrapper.pb-project"; name = pop.xcodeproj; path = Dependencies/pop/pop.xcodeproj; sourceTree = SOURCE_ROOT; };
		7BD1E8FD1ADA295E002A5C79 /* ImageView.swift */ = {isa = PBXFileReference; fileEncoding = 4; lastKnownFileType = sourcecode.swift; path = ImageView.swift; sourceTree = "<group>"; };
		7BDA78001AD89A9C0080C0AA /* Button.swift */ = {isa = PBXFileReference; fileEncoding = 4; lastKnownFileType = sourcecode.swift; path = Button.swift; sourceTree = "<group>"; };
		7BDA78061AD8C0450080C0AA /* MailIcon.icns */ = {isa = PBXFileReference; lastKnownFileType = image.icns; path = MailIcon.icns; sourceTree = "<group>"; };
		7BDA78081AD8C4890080C0AA /* NSImage.swift */ = {isa = PBXFileReference; fileEncoding = 4; lastKnownFileType = sourcecode.swift; path = NSImage.swift; sourceTree = "<group>"; };
		7BDA780B1AD8D0600080C0AA /* ButtonCell.swift */ = {isa = PBXFileReference; fileEncoding = 4; lastKnownFileType = sourcecode.swift; path = ButtonCell.swift; sourceTree = "<group>"; };
		7BDA780F1AD990EF0080C0AA /* SidebarItem.swift */ = {isa = PBXFileReference; fileEncoding = 4; lastKnownFileType = sourcecode.swift; path = SidebarItem.swift; sourceTree = "<group>"; };
		AC384F8A1AD9ACC300777259 /* CGRect.swift */ = {isa = PBXFileReference; fileEncoding = 4; lastKnownFileType = sourcecode.swift; path = CGRect.swift; sourceTree = "<group>"; };
		AC384F8E1AD9B3B600777259 /* Geometry.swift */ = {isa = PBXFileReference; fileEncoding = 4; lastKnownFileType = sourcecode.swift; path = Geometry.swift; sourceTree = "<group>"; };
		ACDA71861ADA1D3000C4E34E /* BridgingHeader.h */ = {isa = PBXFileReference; lastKnownFileType = sourcecode.c.h; path = BridgingHeader.h; sourceTree = SOURCE_ROOT; };
		ACDA71AE1ADA227900C4E34E /* mailcore2.xcodeproj */ = {isa = PBXFileReference; lastKnownFileType = "wrapper.pb-project"; name = mailcore2.xcodeproj; path = "Vendor/MailCore2/build-mac/mailcore2.xcodeproj"; sourceTree = SOURCE_ROOT; };
		ACDA71CA1ADA22C000C4E34E /* Security.framework */ = {isa = PBXFileReference; lastKnownFileType = wrapper.framework; name = Security.framework; path = System/Library/Frameworks/Security.framework; sourceTree = SDKROOT; };
/* End PBXFileReference section */

/* Begin PBXFrameworksBuildPhase section */
		7B4DB6FE1AD213BF00AEA6C8 /* Frameworks */ = {
			isa = PBXFrameworksBuildPhase;
			buildActionMask = 2147483647;
			files = (
				7BD1E8FC1ADA27A3002A5C79 /* pop.framework in Frameworks */,
				ACDA71CB1ADA22C000C4E34E /* Security.framework in Frameworks */,
				ACDA71C91ADA22B300C4E34E /* libMailCore.a in Frameworks */,
			);
			runOnlyForDeploymentPostprocessing = 0;
		};
		7B4DB70E1AD213BF00AEA6C8 /* Frameworks */ = {
			isa = PBXFrameworksBuildPhase;
			buildActionMask = 2147483647;
			files = (
			);
			runOnlyForDeploymentPostprocessing = 0;
		};
/* End PBXFrameworksBuildPhase section */

/* Begin PBXGroup section */
		7B1975741AD385F2002BB7A4 /* Components */ = {
			isa = PBXGroup;
			children = (
				7B19756C1AD385E7002BB7A4 /* Main.swift */,
				7B19756B1AD385E7002BB7A4 /* MessageList.swift */,
				7B19756D1AD385E7002BB7A4 /* Sidebar.swift */,
				7BDA780F1AD990EF0080C0AA /* SidebarItem.swift */,
			);
			name = Components;
			sourceTree = "<group>";
		};
		7B1975751AD385F8002BB7A4 /* Views */ = {
			isa = PBXGroup;
			children = (
				7BD1E8FD1ADA295E002A5C79 /* ImageView.swift */,
				7B19756E1AD385E7002BB7A4 /* View.swift */,
				7BB06FBC1AD62AF800C4701C /* TextField.swift */,
				7BDA78001AD89A9C0080C0AA /* Button.swift */,
				7B951C761AD87B1400464CA2 /* Label.swift */,
				7BB06FB81AD38BFB00C4701C /* SplitView.swift */,
				7BDA780B1AD8D0600080C0AA /* ButtonCell.swift */,
				7B4DB7331AD364D200AEA6C8 /* Window.swift */,
			);
			name = Views;
			sourceTree = "<group>";
		};
		7B4DB6F81AD213BF00AEA6C8 = {
			isa = PBXGroup;
			children = (
				7B4DB7031AD213BF00AEA6C8 /* Margin Mail */,
				ACDA71A91ADA223100C4E34E /* Vendor */,
				7B4DB7141AD213BF00AEA6C8 /* Margin MailTests */,
				7B4DB7021AD213BF00AEA6C8 /* Products */,
			);
			sourceTree = "<group>";
		};
		7B4DB7021AD213BF00AEA6C8 /* Products */ = {
			isa = PBXGroup;
			children = (
				7B4DB7011AD213BF00AEA6C8 /* Margin Mail.app */,
				7B4DB7111AD213BF00AEA6C8 /* Margin MailTests.xctest */,
			);
			name = Products;
			sourceTree = "<group>";
		};
		7B4DB7031AD213BF00AEA6C8 /* Margin Mail */ = {
			isa = PBXGroup;
			children = (
				7B4DB7061AD213BF00AEA6C8 /* AppDelegate.swift */,
				7B4DB7231AD2151500AEA6C8 /* MainWindow.swift */,
				7B858BE21AD9AA5C00FCFF56 /* Color.swift */,
				AC384F8E1AD9B3B600777259 /* Geometry.swift */,
				7B1975741AD385F2002BB7A4 /* Components */,
				7B1975751AD385F8002BB7A4 /* Views */,
				7BDA780A1AD8D0250080C0AA /* Extensions */,
				7B951C7C1AD883E900464CA2 /* Fonts */,
				7B4DB7081AD213BF00AEA6C8 /* Images.xcassets */,
				7BDA78061AD8C0450080C0AA /* MailIcon.icns */,
				7B4DB70A1AD213BF00AEA6C8 /* MainMenu.xib */,
				7B4DB7041AD213BF00AEA6C8 /* Supporting Files */,
			);
			path = "Margin Mail";
			sourceTree = "<group>";
		};
		7B4DB7041AD213BF00AEA6C8 /* Supporting Files */ = {
			isa = PBXGroup;
			children = (
				7B4DB7051AD213BF00AEA6C8 /* Info.plist */,
			);
			name = "Supporting Files";
			sourceTree = "<group>";
		};
		7B4DB7141AD213BF00AEA6C8 /* Margin MailTests */ = {
			isa = PBXGroup;
			children = (
				7B4DB7171AD213BF00AEA6C8 /* Margin_MailTests.swift */,
				7B4DB7151AD213BF00AEA6C8 /* Supporting Files */,
			);
			path = "Margin MailTests";
			sourceTree = "<group>";
		};
		7B4DB7151AD213BF00AEA6C8 /* Supporting Files */ = {
			isa = PBXGroup;
			children = (
				7B4DB7161AD213BF00AEA6C8 /* Info.plist */,
			);
			name = "Supporting Files";
			sourceTree = "<group>";
		};
		7B951C7C1AD883E900464CA2 /* Fonts */ = {
			isa = PBXGroup;
			children = (
				7B951C781AD883DD00464CA2 /* OpenSans-Regular.ttf */,
				7B951C791AD883DD00464CA2 /* OpenSans-Semibold.ttf */,
			);
			name = Fonts;
			sourceTree = "<group>";
		};
		7BD1E8EB1ADA2793002A5C79 /* Products */ = {
			isa = PBXGroup;
			children = (
				7BD1E8F31ADA2793002A5C79 /* libpop.a */,
				7BD1E8F51ADA2793002A5C79 /* pop.framework */,
				7BD1E8F71ADA2793002A5C79 /* pop.framework */,
				7BD1E8F91ADA2793002A5C79 /* pop-tests.xctest */,
				7BD1E8FB1ADA2793002A5C79 /* pop-tests-osx.xctest */,
			);
			name = Products;
			sourceTree = "<group>";
		};
		7BDA780A1AD8D0250080C0AA /* Extensions */ = {
			isa = PBXGroup;
			children = (
				AC384F8A1AD9ACC300777259 /* CGRect.swift */,
				7BDA78081AD8C4890080C0AA /* NSImage.swift */,
			);
			name = Extensions;
			sourceTree = "<group>";
		};
		ACDA71A91ADA223100C4E34E /* Vendor */ = {
			isa = PBXGroup;
			children = (
				ACDA71861ADA1D3000C4E34E /* BridgingHeader.h */,
				ACDA71CA1ADA22C000C4E34E /* Security.framework */,
				7BD1E8EA1ADA2793002A5C79 /* pop.xcodeproj */,
				ACDA71AE1ADA227900C4E34E /* mailcore2.xcodeproj */,
			);
			name = Vendor;
			path = "Margin Mail";
			sourceTree = "<group>";
		};
		ACDA71AF1ADA227900C4E34E /* Products */ = {
			isa = PBXGroup;
			children = (
				ACDA71BA1ADA227900C4E34E /* libMailCore.a */,
				ACDA71BC1ADA227900C4E34E /* libMailCore-ios.a */,
				ACDA71BE1ADA227900C4E34E /* tests */,
				ACDA71C01ADA227900C4E34E /* test-ios.app */,
				ACDA71C21ADA227900C4E34E /* MailCore.framework */,
				ACDA71C41ADA227900C4E34E /* MailCore.framework */,
				ACDA71C61ADA227900C4E34E /* unittest.xctest */,
				ACDA71C81ADA227900C4E34E /* unittestcpp */,
			);
			name = Products;
			sourceTree = "<group>";
		};
/* End PBXGroup section */

/* Begin PBXNativeTarget section */
		7B4DB7001AD213BF00AEA6C8 /* Margin Mail */ = {
			isa = PBXNativeTarget;
			buildConfigurationList = 7B4DB71B1AD213BF00AEA6C8 /* Build configuration list for PBXNativeTarget "Margin Mail" */;
			buildPhases = (
				7B4DB6FD1AD213BF00AEA6C8 /* Sources */,
				7B4DB6FE1AD213BF00AEA6C8 /* Frameworks */,
				7B4DB6FF1AD213BF00AEA6C8 /* Resources */,
			);
			buildRules = (
			);
			dependencies = (
			);
			name = "Margin Mail";
			productName = "Margin Mail";
			productReference = 7B4DB7011AD213BF00AEA6C8 /* Margin Mail.app */;
			productType = "com.apple.product-type.application";
		};
		7B4DB7101AD213BF00AEA6C8 /* Margin MailTests */ = {
			isa = PBXNativeTarget;
			buildConfigurationList = 7B4DB71E1AD213BF00AEA6C8 /* Build configuration list for PBXNativeTarget "Margin MailTests" */;
			buildPhases = (
				7B4DB70D1AD213BF00AEA6C8 /* Sources */,
				7B4DB70E1AD213BF00AEA6C8 /* Frameworks */,
				7B4DB70F1AD213BF00AEA6C8 /* Resources */,
			);
			buildRules = (
			);
			dependencies = (
				7B4DB7131AD213BF00AEA6C8 /* PBXTargetDependency */,
			);
			name = "Margin MailTests";
			productName = "Margin MailTests";
			productReference = 7B4DB7111AD213BF00AEA6C8 /* Margin MailTests.xctest */;
			productType = "com.apple.product-type.bundle.unit-test";
		};
/* End PBXNativeTarget section */

/* Begin PBXProject section */
		7B4DB6F91AD213BF00AEA6C8 /* Project object */ = {
			isa = PBXProject;
			attributes = {
				LastUpgradeCheck = 0630;
				ORGANIZATIONNAME = "Stefano J. Attardi";
				TargetAttributes = {
					7B4DB7001AD213BF00AEA6C8 = {
						CreatedOnToolsVersion = 6.3;
					};
					7B4DB7101AD213BF00AEA6C8 = {
						CreatedOnToolsVersion = 6.3;
						TestTargetID = 7B4DB7001AD213BF00AEA6C8;
					};
				};
			};
			buildConfigurationList = 7B4DB6FC1AD213BF00AEA6C8 /* Build configuration list for PBXProject "Margin Mail" */;
			compatibilityVersion = "Xcode 3.2";
			developmentRegion = English;
			hasScannedForEncodings = 0;
			knownRegions = (
				en,
				Base,
			);
			mainGroup = 7B4DB6F81AD213BF00AEA6C8;
			productRefGroup = 7B4DB7021AD213BF00AEA6C8 /* Products */;
			projectDirPath = "";
			projectReferences = (
				{
					ProductGroup = ACDA71AF1ADA227900C4E34E /* Products */;
					ProjectRef = ACDA71AE1ADA227900C4E34E /* mailcore2.xcodeproj */;
				},
				{
					ProductGroup = 7BD1E8EB1ADA2793002A5C79 /* Products */;
					ProjectRef = 7BD1E8EA1ADA2793002A5C79 /* pop.xcodeproj */;
				},
			);
			projectRoot = "";
			targets = (
				7B4DB7001AD213BF00AEA6C8 /* Margin Mail */,
				7B4DB7101AD213BF00AEA6C8 /* Margin MailTests */,
			);
		};
/* End PBXProject section */

/* Begin PBXReferenceProxy section */
		7BD1E8F31ADA2793002A5C79 /* libpop.a */ = {
			isa = PBXReferenceProxy;
			fileType = archive.ar;
			path = libpop.a;
			remoteRef = 7BD1E8F21ADA2793002A5C79 /* PBXContainerItemProxy */;
			sourceTree = BUILT_PRODUCTS_DIR;
		};
		7BD1E8F51ADA2793002A5C79 /* pop.framework */ = {
			isa = PBXReferenceProxy;
			fileType = wrapper.framework;
			path = pop.framework;
			remoteRef = 7BD1E8F41ADA2793002A5C79 /* PBXContainerItemProxy */;
			sourceTree = BUILT_PRODUCTS_DIR;
		};
		7BD1E8F71ADA2793002A5C79 /* pop.framework */ = {
			isa = PBXReferenceProxy;
			fileType = wrapper.framework;
			path = pop.framework;
			remoteRef = 7BD1E8F61ADA2793002A5C79 /* PBXContainerItemProxy */;
			sourceTree = BUILT_PRODUCTS_DIR;
		};
		7BD1E8F91ADA2793002A5C79 /* pop-tests.xctest */ = {
			isa = PBXReferenceProxy;
			fileType = wrapper.cfbundle;
			path = "pop-tests.xctest";
			remoteRef = 7BD1E8F81ADA2793002A5C79 /* PBXContainerItemProxy */;
			sourceTree = BUILT_PRODUCTS_DIR;
		};
		7BD1E8FB1ADA2793002A5C79 /* pop-tests-osx.xctest */ = {
			isa = PBXReferenceProxy;
			fileType = wrapper.cfbundle;
			path = "pop-tests-osx.xctest";
			remoteRef = 7BD1E8FA1ADA2793002A5C79 /* PBXContainerItemProxy */;
			sourceTree = BUILT_PRODUCTS_DIR;
		};
		ACDA71BA1ADA227900C4E34E /* libMailCore.a */ = {
			isa = PBXReferenceProxy;
			fileType = archive.ar;
			path = libMailCore.a;
			remoteRef = ACDA71B91ADA227900C4E34E /* PBXContainerItemProxy */;
			sourceTree = BUILT_PRODUCTS_DIR;
		};
		ACDA71BC1ADA227900C4E34E /* libMailCore-ios.a */ = {
			isa = PBXReferenceProxy;
			fileType = archive.ar;
			path = "libMailCore-ios.a";
			remoteRef = ACDA71BB1ADA227900C4E34E /* PBXContainerItemProxy */;
			sourceTree = BUILT_PRODUCTS_DIR;
		};
		ACDA71BE1ADA227900C4E34E /* tests */ = {
			isa = PBXReferenceProxy;
			fileType = "compiled.mach-o.executable";
			path = tests;
			remoteRef = ACDA71BD1ADA227900C4E34E /* PBXContainerItemProxy */;
			sourceTree = BUILT_PRODUCTS_DIR;
		};
		ACDA71C01ADA227900C4E34E /* test-ios.app */ = {
			isa = PBXReferenceProxy;
			fileType = wrapper.application;
			path = "test-ios.app";
			remoteRef = ACDA71BF1ADA227900C4E34E /* PBXContainerItemProxy */;
			sourceTree = BUILT_PRODUCTS_DIR;
		};
		ACDA71C21ADA227900C4E34E /* MailCore.framework */ = {
			isa = PBXReferenceProxy;
			fileType = wrapper.framework;
			path = MailCore.framework;
			remoteRef = ACDA71C11ADA227900C4E34E /* PBXContainerItemProxy */;
			sourceTree = BUILT_PRODUCTS_DIR;
		};
		ACDA71C41ADA227900C4E34E /* MailCore.framework */ = {
			isa = PBXReferenceProxy;
			fileType = wrapper.framework;
			path = MailCore.framework;
			remoteRef = ACDA71C31ADA227900C4E34E /* PBXContainerItemProxy */;
			sourceTree = BUILT_PRODUCTS_DIR;
		};
		ACDA71C61ADA227900C4E34E /* unittest.xctest */ = {
			isa = PBXReferenceProxy;
			fileType = wrapper.cfbundle;
			path = unittest.xctest;
			remoteRef = ACDA71C51ADA227900C4E34E /* PBXContainerItemProxy */;
			sourceTree = BUILT_PRODUCTS_DIR;
		};
		ACDA71C81ADA227900C4E34E /* unittestcpp */ = {
			isa = PBXReferenceProxy;
			fileType = "compiled.mach-o.executable";
			path = unittestcpp;
			remoteRef = ACDA71C71ADA227900C4E34E /* PBXContainerItemProxy */;
			sourceTree = BUILT_PRODUCTS_DIR;
		};
/* End PBXReferenceProxy section */

/* Begin PBXResourcesBuildPhase section */
		7B4DB6FF1AD213BF00AEA6C8 /* Resources */ = {
			isa = PBXResourcesBuildPhase;
			buildActionMask = 2147483647;
			files = (
				7B951C7A1AD883DD00464CA2 /* OpenSans-Regular.ttf in Resources */,
				7B951C7B1AD883DD00464CA2 /* OpenSans-Semibold.ttf in Resources */,
				7BDA78071AD8C0450080C0AA /* MailIcon.icns in Resources */,
				7B4DB7091AD213BF00AEA6C8 /* Images.xcassets in Resources */,
				7B4DB70C1AD213BF00AEA6C8 /* MainMenu.xib in Resources */,
			);
			runOnlyForDeploymentPostprocessing = 0;
		};
		7B4DB70F1AD213BF00AEA6C8 /* Resources */ = {
			isa = PBXResourcesBuildPhase;
			buildActionMask = 2147483647;
			files = (
			);
			runOnlyForDeploymentPostprocessing = 0;
		};
/* End PBXResourcesBuildPhase section */

/* Begin PBXSourcesBuildPhase section */
		7B4DB6FD1AD213BF00AEA6C8 /* Sources */ = {
			isa = PBXSourcesBuildPhase;
			buildActionMask = 2147483647;
			files = (
				7B1975731AD385E7002BB7A4 /* View.swift in Sources */,
				7B858BE31AD9AA5C00FCFF56 /* Color.swift in Sources */,
				7BDA780C1AD8D0600080C0AA /* ButtonCell.swift in Sources */,
				7BDA78101AD990EF0080C0AA /* SidebarItem.swift in Sources */,
				7B4DB7341AD364D200AEA6C8 /* Window.swift in Sources */,
				AC384F8B1AD9ACC300777259 /* CGRect.swift in Sources */,
				7BD1E8FE1ADA295E002A5C79 /* ImageView.swift in Sources */,
				AC384F8F1AD9B3B600777259 /* Geometry.swift in Sources */,
				7B1975711AD385E7002BB7A4 /* Main.swift in Sources */,
				7BB06FBD1AD62AF800C4701C /* TextField.swift in Sources */,
				7B4DB7071AD213BF00AEA6C8 /* AppDelegate.swift in Sources */,
				7BB06FB91AD38BFB00C4701C /* SplitView.swift in Sources */,
				7BDA78011AD89A9C0080C0AA /* Button.swift in Sources */,
				7BDA78091AD8C4890080C0AA /* NSImage.swift in Sources */,
				7B1975701AD385E7002BB7A4 /* MessageList.swift in Sources */,
				7B1975721AD385E7002BB7A4 /* Sidebar.swift in Sources */,
				7B4DB7241AD2151500AEA6C8 /* MainWindow.swift in Sources */,
				7B951C771AD87B1400464CA2 /* Label.swift in Sources */,
			);
			runOnlyForDeploymentPostprocessing = 0;
		};
		7B4DB70D1AD213BF00AEA6C8 /* Sources */ = {
			isa = PBXSourcesBuildPhase;
			buildActionMask = 2147483647;
			files = (
				7B4DB7181AD213BF00AEA6C8 /* Margin_MailTests.swift in Sources */,
			);
			runOnlyForDeploymentPostprocessing = 0;
		};
/* End PBXSourcesBuildPhase section */

/* Begin PBXTargetDependency section */
		7B4DB7131AD213BF00AEA6C8 /* PBXTargetDependency */ = {
			isa = PBXTargetDependency;
			target = 7B4DB7001AD213BF00AEA6C8 /* Margin Mail */;
			targetProxy = 7B4DB7121AD213BF00AEA6C8 /* PBXContainerItemProxy */;
		};
/* End PBXTargetDependency section */

/* Begin PBXVariantGroup section */
		7B4DB70A1AD213BF00AEA6C8 /* MainMenu.xib */ = {
			isa = PBXVariantGroup;
			children = (
				7B4DB70B1AD213BF00AEA6C8 /* Base */,
			);
			name = MainMenu.xib;
			sourceTree = "<group>";
		};
/* End PBXVariantGroup section */

/* Begin XCBuildConfiguration section */
		7B4DB7191AD213BF00AEA6C8 /* Debug */ = {
			isa = XCBuildConfiguration;
			buildSettings = {
				ALWAYS_SEARCH_USER_PATHS = NO;
				CLANG_CXX_LANGUAGE_STANDARD = "gnu++0x";
				CLANG_CXX_LIBRARY = "libc++";
				CLANG_ENABLE_MODULES = YES;
				CLANG_ENABLE_OBJC_ARC = YES;
				CLANG_WARN_BOOL_CONVERSION = YES;
				CLANG_WARN_CONSTANT_CONVERSION = YES;
				CLANG_WARN_DIRECT_OBJC_ISA_USAGE = YES_ERROR;
				CLANG_WARN_EMPTY_BODY = YES;
				CLANG_WARN_ENUM_CONVERSION = YES;
				CLANG_WARN_INT_CONVERSION = YES;
				CLANG_WARN_OBJC_ROOT_CLASS = YES_ERROR;
				CLANG_WARN_UNREACHABLE_CODE = YES;
				CLANG_WARN__DUPLICATE_METHOD_MATCH = YES;
				CODE_SIGN_IDENTITY = "-";
				COPY_PHASE_STRIP = NO;
				DEBUG_INFORMATION_FORMAT = dwarf;
				ENABLE_STRICT_OBJC_MSGSEND = YES;
				GCC_C_LANGUAGE_STANDARD = gnu99;
				GCC_DYNAMIC_NO_PIC = NO;
				GCC_NO_COMMON_BLOCKS = YES;
				GCC_OPTIMIZATION_LEVEL = 0;
				GCC_PREPROCESSOR_DEFINITIONS = (
					"DEBUG=1",
					"$(inherited)",
				);
				GCC_SYMBOLS_PRIVATE_EXTERN = NO;
				GCC_WARN_64_TO_32_BIT_CONVERSION = YES;
				GCC_WARN_ABOUT_RETURN_TYPE = YES_ERROR;
				GCC_WARN_UNDECLARED_SELECTOR = YES;
				GCC_WARN_UNINITIALIZED_AUTOS = YES_AGGRESSIVE;
				GCC_WARN_UNUSED_FUNCTION = YES;
				GCC_WARN_UNUSED_VARIABLE = YES;
				MACOSX_DEPLOYMENT_TARGET = 10.10;
				MTL_ENABLE_DEBUG_INFO = YES;
				ONLY_ACTIVE_ARCH = YES;
				SDKROOT = macosx;
				SWIFT_OPTIMIZATION_LEVEL = "-Onone";
			};
			name = Debug;
		};
		7B4DB71A1AD213BF00AEA6C8 /* Release */ = {
			isa = XCBuildConfiguration;
			buildSettings = {
				ALWAYS_SEARCH_USER_PATHS = NO;
				CLANG_CXX_LANGUAGE_STANDARD = "gnu++0x";
				CLANG_CXX_LIBRARY = "libc++";
				CLANG_ENABLE_MODULES = YES;
				CLANG_ENABLE_OBJC_ARC = YES;
				CLANG_WARN_BOOL_CONVERSION = YES;
				CLANG_WARN_CONSTANT_CONVERSION = YES;
				CLANG_WARN_DIRECT_OBJC_ISA_USAGE = YES_ERROR;
				CLANG_WARN_EMPTY_BODY = YES;
				CLANG_WARN_ENUM_CONVERSION = YES;
				CLANG_WARN_INT_CONVERSION = YES;
				CLANG_WARN_OBJC_ROOT_CLASS = YES_ERROR;
				CLANG_WARN_UNREACHABLE_CODE = YES;
				CLANG_WARN__DUPLICATE_METHOD_MATCH = YES;
				CODE_SIGN_IDENTITY = "-";
				COPY_PHASE_STRIP = NO;
				DEBUG_INFORMATION_FORMAT = "dwarf-with-dsym";
				ENABLE_NS_ASSERTIONS = NO;
				ENABLE_STRICT_OBJC_MSGSEND = YES;
				GCC_C_LANGUAGE_STANDARD = gnu99;
				GCC_NO_COMMON_BLOCKS = YES;
				GCC_WARN_64_TO_32_BIT_CONVERSION = YES;
				GCC_WARN_ABOUT_RETURN_TYPE = YES_ERROR;
				GCC_WARN_UNDECLARED_SELECTOR = YES;
				GCC_WARN_UNINITIALIZED_AUTOS = YES_AGGRESSIVE;
				GCC_WARN_UNUSED_FUNCTION = YES;
				GCC_WARN_UNUSED_VARIABLE = YES;
				MACOSX_DEPLOYMENT_TARGET = 10.10;
				MTL_ENABLE_DEBUG_INFO = NO;
				SDKROOT = macosx;
			};
			name = Release;
		};
		7B4DB71C1AD213BF00AEA6C8 /* Debug */ = {
			isa = XCBuildConfiguration;
			buildSettings = {
				ALWAYS_SEARCH_USER_PATHS = YES;
				ASSETCATALOG_COMPILER_APPICON_NAME = AppIcon;
				COMBINE_HIDPI_IMAGES = YES;
				HEADER_SEARCH_PATHS = (
					"$(inherited)",
					"/Applications/Xcode-beta.app/Contents/Developer/Toolchains/XcodeDefault.xctoolchain/usr/include",
				);
				INFOPLIST_FILE = "Margin Mail/Info.plist";
				LD_RUNPATH_SEARCH_PATHS = "$(inherited) @executable_path/../Frameworks";
				LIBRARY_SEARCH_PATHS = "";
				OTHER_LDFLAGS = (
					"-lctemplate",
					"-letpan",
					"-lxml2",
					"-lsasl2",
					"-liconv",
					"-ltidy",
					"-lz",
					"-lc++",
					"-stdlib=libc++",
					"-ObjC",
					"-lcrypto",
					"-lssl",
					"-lresolv",
				);
				PRODUCT_NAME = "$(TARGET_NAME)";
				SWIFT_OBJC_BRIDGING_HEADER = BridgingHeader.h;
				USER_HEADER_SEARCH_PATHS = "Vendor/**";
			};
			name = Debug;
		};
		7B4DB71D1AD213BF00AEA6C8 /* Release */ = {
			isa = XCBuildConfiguration;
			buildSettings = {
				ALWAYS_SEARCH_USER_PATHS = YES;
				ASSETCATALOG_COMPILER_APPICON_NAME = AppIcon;
				COMBINE_HIDPI_IMAGES = YES;
				HEADER_SEARCH_PATHS = (
					"$(inherited)",
					"/Applications/Xcode-beta.app/Contents/Developer/Toolchains/XcodeDefault.xctoolchain/usr/include",
				);
				INFOPLIST_FILE = "Margin Mail/Info.plist";
				LD_RUNPATH_SEARCH_PATHS = "$(inherited) @executable_path/../Frameworks";
				LIBRARY_SEARCH_PATHS = "";
				OTHER_LDFLAGS = (
					"-lctemplate",
					"-letpan",
					"-lxml2",
					"-lsasl2",
					"-liconv",
					"-ltidy",
					"-lz",
					"-lc++",
					"-stdlib=libc++",
					"-ObjC",
					"-lcrypto",
					"-lssl",
					"-lresolv",
				);
				PRODUCT_NAME = "$(TARGET_NAME)";
				SWIFT_OBJC_BRIDGING_HEADER = BridgingHeader.h;
				USER_HEADER_SEARCH_PATHS = "Vendor/**";
			};
			name = Release;
		};
		7B4DB71F1AD213BF00AEA6C8 /* Debug */ = {
			isa = XCBuildConfiguration;
			buildSettings = {
				BUNDLE_LOADER = "$(TEST_HOST)";
				COMBINE_HIDPI_IMAGES = YES;
				FRAMEWORK_SEARCH_PATHS = (
					"$(DEVELOPER_FRAMEWORKS_DIR)",
					"$(inherited)",
				);
				GCC_PREPROCESSOR_DEFINITIONS = (
					"DEBUG=1",
					"$(inherited)",
				);
				INFOPLIST_FILE = "Margin MailTests/Info.plist";
				LD_RUNPATH_SEARCH_PATHS = "$(inherited) @executable_path/../Frameworks @loader_path/../Frameworks";
				PRODUCT_NAME = "$(TARGET_NAME)";
				TEST_HOST = "$(BUILT_PRODUCTS_DIR)/Margin Mail.app/Contents/MacOS/Margin Mail";
			};
			name = Debug;
		};
		7B4DB7201AD213BF00AEA6C8 /* Release */ = {
			isa = XCBuildConfiguration;
			buildSettings = {
				BUNDLE_LOADER = "$(TEST_HOST)";
				COMBINE_HIDPI_IMAGES = YES;
				FRAMEWORK_SEARCH_PATHS = (
					"$(DEVELOPER_FRAMEWORKS_DIR)",
					"$(inherited)",
				);
				INFOPLIST_FILE = "Margin MailTests/Info.plist";
				LD_RUNPATH_SEARCH_PATHS = "$(inherited) @executable_path/../Frameworks @loader_path/../Frameworks";
				PRODUCT_NAME = "$(TARGET_NAME)";
				TEST_HOST = "$(BUILT_PRODUCTS_DIR)/Margin Mail.app/Contents/MacOS/Margin Mail";
			};
			name = Release;
		};
/* End XCBuildConfiguration section */

/* Begin XCConfigurationList section */
		7B4DB6FC1AD213BF00AEA6C8 /* Build configuration list for PBXProject "Margin Mail" */ = {
			isa = XCConfigurationList;
			buildConfigurations = (
				7B4DB7191AD213BF00AEA6C8 /* Debug */,
				7B4DB71A1AD213BF00AEA6C8 /* Release */,
			);
			defaultConfigurationIsVisible = 0;
			defaultConfigurationName = Release;
		};
		7B4DB71B1AD213BF00AEA6C8 /* Build configuration list for PBXNativeTarget "Margin Mail" */ = {
			isa = XCConfigurationList;
			buildConfigurations = (
				7B4DB71C1AD213BF00AEA6C8 /* Debug */,
				7B4DB71D1AD213BF00AEA6C8 /* Release */,
			);
			defaultConfigurationIsVisible = 0;
			defaultConfigurationName = Release;
		};
		7B4DB71E1AD213BF00AEA6C8 /* Build configuration list for PBXNativeTarget "Margin MailTests" */ = {
			isa = XCConfigurationList;
			buildConfigurations = (
				7B4DB71F1AD213BF00AEA6C8 /* Debug */,
				7B4DB7201AD213BF00AEA6C8 /* Release */,
			);
			defaultConfigurationIsVisible = 0;
			defaultConfigurationName = Release;
		};
/* End XCConfigurationList section */
	};
	rootObject = 7B4DB6F91AD213BF00AEA6C8 /* Project object */;
}
